
Microsoft Visual Studio Solution File, Format Version 12.00
# Visual Studio 14
VisualStudioVersion = 14.0.25420.1
MinimumVisualStudioVersion = 10.0.40219.1
Project("{FAE04EC0-301F-11D3-BF4B-00C04F79EFBC}") = "OxyPlot.Xamarin.Forms", "OxyPlot.Xamarin.Forms\OxyPlot.Xamarin.Forms.csproj", "{B63C5F8C-61C8-4E69-93D6-F49F816D3746}"
EndProject
Project("{FAE04EC0-301F-11D3-BF4B-00C04F79EFBC}") = "OxyPlot.Xamarin.Android", "OxyPlot.Xamarin.Android\OxyPlot.Xamarin.Android.csproj", "{3296D69F-F4B7-44A5-AEB9-7A179E65F8DD}"
EndProject
Project("{FAE04EC0-301F-11D3-BF4B-00C04F79EFBC}") = "OxyPlot.Xamarin.iOS", "OxyPlot.Xamarin.iOS\OxyPlot.Xamarin.iOS.csproj", "{191ABC81-B335-44D7-BE0D-3C5E9196FA8B}"
EndProject
Project("{FAE04EC0-301F-11D3-BF4B-00C04F79EFBC}") = "OxyPlot.Xamarin.Forms.Platform.Android", "OxyPlot.Xamarin.Forms.Platform.Android\OxyPlot.Xamarin.Forms.Platform.Android.csproj", "{60D23CA9-4AF6-4179-A3F5-6AEBC907337E}"
EndProject
Project("{FAE04EC0-301F-11D3-BF4B-00C04F79EFBC}") = "OxyPlot.Xamarin.Forms.Platform.iOS", "OxyPlot.Xamarin.Forms.Platform.iOS\OxyPlot.Xamarin.Forms.Platform.iOS.csproj", "{64F4DC0C-2BFE-4C22-B9D1-B04566C2314C}"
EndProject
Global
	GlobalSection(SolutionConfigurationPlatforms) = preSolution
		Debug|Any CPU = Debug|Any CPU
		Debug|ARM = Debug|ARM
		Debug|iPhone = Debug|iPhone
		Debug|iPhoneSimulator = Debug|iPhoneSimulator
		Debug|x64 = Debug|x64
		Debug|x86 = Debug|x86
		Release|Any CPU = Release|Any CPU
		Release|ARM = Release|ARM
		Release|iPhone = Release|iPhone
		Release|iPhoneSimulator = Release|iPhoneSimulator
		Release|x64 = Release|x64
		Release|x86 = Release|x86
	EndGlobalSection
	GlobalSection(ProjectConfigurationPlatforms) = postSolution
		{B63C5F8C-61C8-4E69-93D6-F49F816D3746}.Debug|Any CPU.ActiveCfg = Debug|Any CPU
		{B63C5F8C-61C8-4E69-93D6-F49F816D3746}.Debug|Any CPU.Build.0 = Debug|Any CPU
		{B63C5F8C-61C8-4E69-93D6-F49F816D3746}.Debug|ARM.ActiveCfg = Debug|Any CPU
		{B63C5F8C-61C8-4E69-93D6-F49F816D3746}.Debug|ARM.Build.0 = Debug|Any CPU
		{B63C5F8C-61C8-4E69-93D6-F49F816D3746}.Debug|iPhone.ActiveCfg = Debug|Any CPU
		{B63C5F8C-61C8-4E69-93D6-F49F816D3746}.Debug|iPhone.Build.0 = Debug|Any CPU
		{B63C5F8C-61C8-4E69-93D6-F49F816D3746}.Debug|iPhoneSimulator.ActiveCfg = Debug|Any CPU
		{B63C5F8C-61C8-4E69-93D6-F49F816D3746}.Debug|iPhoneSimulator.Build.0 = Debug|Any CPU
		{B63C5F8C-61C8-4E69-93D6-F49F816D3746}.Debug|x64.ActiveCfg = Debug|Any CPU
		{B63C5F8C-61C8-4E69-93D6-F49F816D3746}.Debug|x64.Build.0 = Debug|Any CPU
		{B63C5F8C-61C8-4E69-93D6-F49F816D3746}.Debug|x86.ActiveCfg = Debug|Any CPU
		{B63C5F8C-61C8-4E69-93D6-F49F816D3746}.Debug|x86.Build.0 = Debug|Any CPU
		{B63C5F8C-61C8-4E69-93D6-F49F816D3746}.Release|Any CPU.ActiveCfg = Release|Any CPU
		{B63C5F8C-61C8-4E69-93D6-F49F816D3746}.Release|Any CPU.Build.0 = Release|Any CPU
		{B63C5F8C-61C8-4E69-93D6-F49F816D3746}.Release|ARM.ActiveCfg = Release|Any CPU
		{B63C5F8C-61C8-4E69-93D6-F49F816D3746}.Release|ARM.Build.0 = Release|Any CPU
		{B63C5F8C-61C8-4E69-93D6-F49F816D3746}.Release|iPhone.ActiveCfg = Release|Any CPU
		{B63C5F8C-61C8-4E69-93D6-F49F816D3746}.Release|iPhone.Build.0 = Release|Any CPU
		{B63C5F8C-61C8-4E69-93D6-F49F816D3746}.Release|iPhoneSimulator.ActiveCfg = Release|Any CPU
		{B63C5F8C-61C8-4E69-93D6-F49F816D3746}.Release|iPhoneSimulator.Build.0 = Release|Any CPU
		{B63C5F8C-61C8-4E69-93D6-F49F816D3746}.Release|x64.ActiveCfg = Release|Any CPU
		{B63C5F8C-61C8-4E69-93D6-F49F816D3746}.Release|x64.Build.0 = Release|Any CPU
		{B63C5F8C-61C8-4E69-93D6-F49F816D3746}.Release|x86.ActiveCfg = Release|Any CPU
		{B63C5F8C-61C8-4E69-93D6-F49F816D3746}.Release|x86.Build.0 = Release|Any CPU
		{3296D69F-F4B7-44A5-AEB9-7A179E65F8DD}.Debug|Any CPU.ActiveCfg = Debug|Any CPU
		{3296D69F-F4B7-44A5-AEB9-7A179E65F8DD}.Debug|Any CPU.Build.0 = Debug|Any CPU
		{3296D69F-F4B7-44A5-AEB9-7A179E65F8DD}.Debug|ARM.ActiveCfg = Debug|Any CPU
		{3296D69F-F4B7-44A5-AEB9-7A179E65F8DD}.Debug|ARM.Build.0 = Debug|Any CPU
		{3296D69F-F4B7-44A5-AEB9-7A179E65F8DD}.Debug|iPhone.ActiveCfg = Debug|Any CPU
		{3296D69F-F4B7-44A5-AEB9-7A179E65F8DD}.Debug|iPhone.Build.0 = Debug|Any CPU
		{3296D69F-F4B7-44A5-AEB9-7A179E65F8DD}.Debug|iPhoneSimulator.ActiveCfg = Debug|Any CPU
		{3296D69F-F4B7-44A5-AEB9-7A179E65F8DD}.Debug|iPhoneSimulator.Build.0 = Debug|Any CPU
		{3296D69F-F4B7-44A5-AEB9-7A179E65F8DD}.Debug|x64.ActiveCfg = Debug|Any CPU
		{3296D69F-F4B7-44A5-AEB9-7A179E65F8DD}.Debug|x86.ActiveCfg = Debug|Any CPU
		{3296D69F-F4B7-44A5-AEB9-7A179E65F8DD}.Release|Any CPU.ActiveCfg = Release|Any CPU
		{3296D69F-F4B7-44A5-AEB9-7A179E65F8DD}.Release|Any CPU.Build.0 = Release|Any CPU
		{3296D69F-F4B7-44A5-AEB9-7A179E65F8DD}.Release|ARM.ActiveCfg = Release|Any CPU
		{3296D69F-F4B7-44A5-AEB9-7A179E65F8DD}.Release|iPhone.ActiveCfg = Release|Any CPU
		{3296D69F-F4B7-44A5-AEB9-7A179E65F8DD}.Release|iPhone.Build.0 = Release|Any CPU
		{3296D69F-F4B7-44A5-AEB9-7A179E65F8DD}.Release|iPhoneSimulator.ActiveCfg = Release|Any CPU
		{3296D69F-F4B7-44A5-AEB9-7A179E65F8DD}.Release|iPhoneSimulator.Build.0 = Release|Any CPU
		{3296D69F-F4B7-44A5-AEB9-7A179E65F8DD}.Release|x64.ActiveCfg = Release|Any CPU
		{3296D69F-F4B7-44A5-AEB9-7A179E65F8DD}.Release|x86.ActiveCfg = Release|Any CPU
		{191ABC81-B335-44D7-BE0D-3C5E9196FA8B}.Debug|Any CPU.ActiveCfg = Debug|Any CPU
		{191ABC81-B335-44D7-BE0D-3C5E9196FA8B}.Debug|Any CPU.Build.0 = Debug|Any CPU
		{191ABC81-B335-44D7-BE0D-3C5E9196FA8B}.Debug|ARM.ActiveCfg = Debug|Any CPU
		{191ABC81-B335-44D7-BE0D-3C5E9196FA8B}.Debug|ARM.Build.0 = Debug|Any CPU
		{191ABC81-B335-44D7-BE0D-3C5E9196FA8B}.Debug|iPhone.ActiveCfg = Debug|Any CPU
		{191ABC81-B335-44D7-BE0D-3C5E9196FA8B}.Debug|iPhone.Build.0 = Debug|Any CPU
		{191ABC81-B335-44D7-BE0D-3C5E9196FA8B}.Debug|iPhoneSimulator.ActiveCfg = Debug|Any CPU
		{191ABC81-B335-44D7-BE0D-3C5E9196FA8B}.Debug|iPhoneSimulator.Build.0 = Debug|Any CPU
		{191ABC81-B335-44D7-BE0D-3C5E9196FA8B}.Debug|x64.ActiveCfg = Debug|Any CPU
		{191ABC81-B335-44D7-BE0D-3C5E9196FA8B}.Debug|x86.ActiveCfg = Debug|Any CPU
		{191ABC81-B335-44D7-BE0D-3C5E9196FA8B}.Release|Any CPU.ActiveCfg = Release|Any CPU
		{191ABC81-B335-44D7-BE0D-3C5E9196FA8B}.Release|Any CPU.Build.0 = Release|Any CPU
		{191ABC81-B335-44D7-BE0D-3C5E9196FA8B}.Release|ARM.ActiveCfg = Release|Any CPU
		{191ABC81-B335-44D7-BE0D-3C5E9196FA8B}.Release|iPhone.ActiveCfg = Release|Any CPU
		{191ABC81-B335-44D7-BE0D-3C5E9196FA8B}.Release|iPhone.Build.0 = Release|Any CPU
		{191ABC81-B335-44D7-BE0D-3C5E9196FA8B}.Release|iPhoneSimulator.ActiveCfg = Release|Any CPU
		{191ABC81-B335-44D7-BE0D-3C5E9196FA8B}.Release|iPhoneSimulator.Build.0 = Release|Any CPU
		{191ABC81-B335-44D7-BE0D-3C5E9196FA8B}.Release|x64.ActiveCfg = Release|Any CPU
		{191ABC81-B335-44D7-BE0D-3C5E9196FA8B}.Release|x86.ActiveCfg = Release|Any CPU
		{60D23CA9-4AF6-4179-A3F5-6AEBC907337E}.Debug|Any CPU.ActiveCfg = Debug|Any CPU
		{60D23CA9-4AF6-4179-A3F5-6AEBC907337E}.Debug|Any CPU.Build.0 = Debug|Any CPU
		{60D23CA9-4AF6-4179-A3F5-6AEBC907337E}.Debug|ARM.ActiveCfg = Debug|Any CPU
		{60D23CA9-4AF6-4179-A3F5-6AEBC907337E}.Debug|ARM.Build.0 = Debug|Any CPU
		{60D23CA9-4AF6-4179-A3F5-6AEBC907337E}.Debug|iPhone.ActiveCfg = Debug|Any CPU
		{60D23CA9-4AF6-4179-A3F5-6AEBC907337E}.Debug|iPhone.Build.0 = Debug|Any CPU
		{60D23CA9-4AF6-4179-A3F5-6AEBC907337E}.Debug|iPhoneSimulator.ActiveCfg = Debug|Any CPU
		{60D23CA9-4AF6-4179-A3F5-6AEBC907337E}.Debug|iPhoneSimulator.Build.0 = Debug|Any CPU
		{60D23CA9-4AF6-4179-A3F5-6AEBC907337E}.Debug|x64.ActiveCfg = Debug|Any CPU
		{60D23CA9-4AF6-4179-A3F5-6AEBC907337E}.Debug|x86.ActiveCfg = Debug|Any CPU
		{60D23CA9-4AF6-4179-A3F5-6AEBC907337E}.Release|Any CPU.ActiveCfg = Release|Any CPU
		{60D23CA9-4AF6-4179-A3F5-6AEBC907337E}.Release|Any CPU.Build.0 = Release|Any CPU
		{60D23CA9-4AF6-4179-A3F5-6AEBC907337E}.Release|ARM.ActiveCfg = Release|Any CPU
		{60D23CA9-4AF6-4179-A3F5-6AEBC907337E}.Release|iPhone.ActiveCfg = Release|Any CPU
		{60D23CA9-4AF6-4179-A3F5-6AEBC907337E}.Release|iPhone.Build.0 = Release|Any CPU
		{60D23CA9-4AF6-4179-A3F5-6AEBC907337E}.Release|iPhoneSimulator.ActiveCfg = Release|Any CPU
		{60D23CA9-4AF6-4179-A3F5-6AEBC907337E}.Release|iPhoneSimulator.Build.0 = Release|Any CPU
		{60D23CA9-4AF6-4179-A3F5-6AEBC907337E}.Release|x64.ActiveCfg = Release|Any CPU
		{60D23CA9-4AF6-4179-A3F5-6AEBC907337E}.Release|x86.ActiveCfg = Release|Any CPU
		{64F4DC0C-2BFE-4C22-B9D1-B04566C2314C}.Debug|Any CPU.ActiveCfg = Debug|Any CPU
		{64F4DC0C-2BFE-4C22-B9D1-B04566C2314C}.Debug|Any CPU.Build.0 = Debug|Any CPU
		{64F4DC0C-2BFE-4C22-B9D1-B04566C2314C}.Debug|ARM.ActiveCfg = Debug|Any CPU
		{64F4DC0C-2BFE-4C22-B9D1-B04566C2314C}.Debug|ARM.Build.0 = Debug|Any CPU
		{64F4DC0C-2BFE-4C22-B9D1-B04566C2314C}.Debug|iPhone.ActiveCfg = Debug|Any CPU
		{64F4DC0C-2BFE-4C22-B9D1-B04566C2314C}.Debug|iPhone.Build.0 = Debug|Any CPU
		{64F4DC0C-2BFE-4C22-B9D1-B04566C2314C}.Debug|iPhoneSimulator.ActiveCfg = Debug|Any CPU
		{64F4DC0C-2BFE-4C22-B9D1-B04566C2314C}.Debug|iPhoneSimulator.Build.0 = Debug|Any CPU
		{64F4DC0C-2BFE-4C22-B9D1-B04566C2314C}.Debug|x64.ActiveCfg = Debug|Any CPU
		{64F4DC0C-2BFE-4C22-B9D1-B04566C2314C}.Debug|x86.ActiveCfg = Debug|Any CPU
		{64F4DC0C-2BFE-4C22-B9D1-B04566C2314C}.Release|Any CPU.ActiveCfg = Release|Any CPU
		{64F4DC0C-2BFE-4C22-B9D1-B04566C2314C}.Release|Any CPU.Build.0 = Release|Any CPU
		{64F4DC0C-2BFE-4C22-B9D1-B04566C2314C}.Release|ARM.ActiveCfg = Release|Any CPU
		{64F4DC0C-2BFE-4C22-B9D1-B04566C2314C}.Release|iPhone.ActiveCfg = Release|Any CPU
		{64F4DC0C-2BFE-4C22-B9D1-B04566C2314C}.Release|iPhone.Build.0 = Release|Any CPU
		{64F4DC0C-2BFE-4C22-B9D1-B04566C2314C}.Release|iPhoneSimulator.ActiveCfg = Release|Any CPU
		{64F4DC0C-2BFE-4C22-B9D1-B04566C2314C}.Release|iPhoneSimulator.Build.0 = Release|Any CPU
		{64F4DC0C-2BFE-4C22-B9D1-B04566C2314C}.Release|x64.ActiveCfg = Release|Any CPU
		{64F4DC0C-2BFE-4C22-B9D1-B04566C2314C}.Release|x86.ActiveCfg = Release|Any CPU
	EndGlobalSection
	GlobalSection(SolutionProperties) = preSolution
		HideSolutionNode = FALSE
	EndGlobalSection
EndGlobal
