
Microsoft Visual Studio Solution File, Format Version 12.00
# Visual Studio 2012
Project("{2150E333-8FDC-42A3-9474-1A3956D46DE8}") = "Examples", "Examples", "{0AB67A65-9645-4DF6-98A2-D5734D212E7C}"
EndProject
Project("{FAE04EC0-301F-11D3-BF4B-00C04F79EFBC}") = "OxyPlot.Xamarin.Mac", "OxyPlot.Xamarin.Mac\OxyPlot.Xamarin.Mac.csproj", "{F2A015AC-B7E0-4452-99A5-B5106BF57E24}"
EndProject
Project("{FAE04EC0-301F-11D3-BF4B-00C04F79EFBC}") = "SimpleDemo", "Examples\Xamarin.Mac\SimpleDemo\SimpleDemo.csproj", "{A0A832A8-AD29-4E43-B844-73FA2551BC6E}"
EndProject
Global
	GlobalSection(SolutionConfigurationPlatforms) = preSolution
		Debug|Any CPU = Debug|Any CPU
		Release|Any CPU = Release|Any CPU
		Debug|iPhoneSimulator = Debug|iPhoneSimulator
		Release|iPhoneSimulator = Release|iPhoneSimulator
		Debug|iPhone = Debug|iPhone
		Release|iPhone = Release|iPhone
		Ad-Hoc|iPhone = Ad-Hoc|iPhone
		AppStore|iPhone = AppStore|iPhone
	EndGlobalSection
	GlobalSection(ProjectConfigurationPlatforms) = postSolution
		{F2A015AC-B7E0-4452-99A5-B5106BF57E24}.Debug|Any CPU.ActiveCfg = Debug|Any CPU
		{F2A015AC-B7E0-4452-99A5-B5106BF57E24}.Debug|Any CPU.Build.0 = Debug|Any CPU
		{F2A015AC-B7E0-4452-99A5-B5106BF57E24}.Release|Any CPU.ActiveCfg = Release|Any CPU
		{F2A015AC-B7E0-4452-99A5-B5106BF57E24}.Release|Any CPU.Build.0 = Release|Any CPU
		{F2A015AC-B7E0-4452-99A5-B5106BF57E24}.Debug|iPhoneSimulator.ActiveCfg = Debug|Any CPU
		{F2A015AC-B7E0-4452-99A5-B5106BF57E24}.Debug|iPhoneSimulator.Build.0 = Debug|Any CPU
		{F2A015AC-B7E0-4452-99A5-B5106BF57E24}.Release|iPhoneSimulator.ActiveCfg = Release|Any CPU
		{F2A015AC-B7E0-4452-99A5-B5106BF57E24}.Release|iPhoneSimulator.Build.0 = Release|Any CPU
		{F2A015AC-B7E0-4452-99A5-B5106BF57E24}.Debug|iPhone.ActiveCfg = Debug|Any CPU
		{F2A015AC-B7E0-4452-99A5-B5106BF57E24}.Debug|iPhone.Build.0 = Debug|Any CPU
		{F2A015AC-B7E0-4452-99A5-B5106BF57E24}.Release|iPhone.ActiveCfg = Release|Any CPU
		{F2A015AC-B7E0-4452-99A5-B5106BF57E24}.Release|iPhone.Build.0 = Release|Any CPU
		{F2A015AC-B7E0-4452-99A5-B5106BF57E24}.Ad-Hoc|iPhone.ActiveCfg = Debug|Any CPU
		{F2A015AC-B7E0-4452-99A5-B5106BF57E24}.Ad-Hoc|iPhone.Build.0 = Debug|Any CPU
		{F2A015AC-B7E0-4452-99A5-B5106BF57E24}.AppStore|iPhone.ActiveCfg = Debug|Any CPU
		{F2A015AC-B7E0-4452-99A5-B5106BF57E24}.AppStore|iPhone.Build.0 = Debug|Any CPU
		{A0A832A8-AD29-4E43-B844-73FA2551BC6E}.Debug|Any CPU.ActiveCfg = Debug|Any CPU
		{A0A832A8-AD29-4E43-B844-73FA2551BC6E}.Debug|Any CPU.Build.0 = Debug|Any CPU
		{A0A832A8-AD29-4E43-B844-73FA2551BC6E}.Release|Any CPU.ActiveCfg = Release|Any CPU
		{A0A832A8-AD29-4E43-B844-73FA2551BC6E}.Release|Any CPU.Build.0 = Release|Any CPU
		{A0A832A8-AD29-4E43-B844-73FA2551BC6E}.Debug|iPhoneSimulator.ActiveCfg = Debug|Any CPU
		{A0A832A8-AD29-4E43-B844-73FA2551BC6E}.Debug|iPhoneSimulator.Build.0 = Debug|Any CPU
		{A0A832A8-AD29-4E43-B844-73FA2551BC6E}.Release|iPhoneSimulator.ActiveCfg = Release|Any CPU
		{A0A832A8-AD29-4E43-B844-73FA2551BC6E}.Release|iPhoneSimulator.Build.0 = Release|Any CPU
		{A0A832A8-AD29-4E43-B844-73FA2551BC6E}.Debug|iPhone.ActiveCfg = Debug|Any CPU
		{A0A832A8-AD29-4E43-B844-73FA2551BC6E}.Debug|iPhone.Build.0 = Debug|Any CPU
		{A0A832A8-AD29-4E43-B844-73FA2551BC6E}.Release|iPhone.ActiveCfg = Release|Any CPU
		{A0A832A8-AD29-4E43-B844-73FA2551BC6E}.Release|iPhone.Build.0 = Release|Any CPU
		{A0A832A8-AD29-4E43-B844-73FA2551BC6E}.Ad-Hoc|iPhone.ActiveCfg = Debug|Any CPU
		{A0A832A8-AD29-4E43-B844-73FA2551BC6E}.Ad-Hoc|iPhone.Build.0 = Debug|Any CPU
		{A0A832A8-AD29-4E43-B844-73FA2551BC6E}.AppStore|iPhone.ActiveCfg = Debug|Any CPU
		{A0A832A8-AD29-4E43-B844-73FA2551BC6E}.AppStore|iPhone.Build.0 = Debug|Any CPU
	EndGlobalSection
	GlobalSection(NestedProjects) = preSolution
		{A0A832A8-AD29-4E43-B844-73FA2551BC6E} = {0AB67A65-9645-4DF6-98A2-D5734D212E7C}
	EndGlobalSection
	GlobalSection(MonoDevelopProperties) = preSolution
		StartupItem = Examples\Xamarin.Mac\ExampleBrowser\ExampleBrowser.csproj
	EndGlobalSection
	GlobalSection(SolutionProperties) = preSolution
		HideSolutionNode = FALSE
	EndGlobalSection
EndGlobal
