
Microsoft Visual Studio Solution File, Format Version 12.00
# Visual Studio Version 16
VisualStudioVersion = 16.0.30907.101
MinimumVisualStudioVersion = 10.0.40219.1
Project("{FAE04EC0-301F-11D3-BF4B-00C04F79EFBC}") = "OxyPlot.Xamarin.Android", "OxyPlot.Xamarin.Android\OxyPlot.Xamarin.Android.csproj", "{3296D69F-F4B7-44A5-AEB9-7A179E65F8DD}"
EndProject
Project("{2150E333-8FDC-42A3-9474-1A3956D46DE8}") = "Examples", "Examples", "{7108C4BE-2199-4119-B26B-53740CD2F243}"
EndProject
Project("{FAE04EC0-301F-11D3-BF4B-00C04F79EFBC}") = "ExampleBrowser", "Examples\Xamarin.Android\ExampleBrowser\ExampleBrowser.csproj", "{47BDB77E-C1AD-4784-ACA7-FC2D70C3A2BC}"
EndProject
Global
	GlobalSection(SolutionConfigurationPlatforms) = preSolution
		Debug|Any CPU = Debug|Any CPU
		Release|Any CPU = Release|Any CPU
	EndGlobalSection
	GlobalSection(ProjectConfigurationPlatforms) = postSolution
		{3296D69F-F4B7-44A5-AEB9-7A179E65F8DD}.Debug|Any CPU.ActiveCfg = Debug|Any CPU
		{3296D69F-F4B7-44A5-AEB9-7A179E65F8DD}.Debug|Any CPU.Build.0 = Debug|Any CPU
		{3296D69F-F4B7-44A5-AEB9-7A179E65F8DD}.Release|Any CPU.ActiveCfg = Release|Any CPU
		{3296D69F-F4B7-44A5-AEB9-7A179E65F8DD}.Release|Any CPU.Build.0 = Release|Any CPU
		{47BDB77E-C1AD-4784-ACA7-FC2D70C3A2BC}.Debug|Any CPU.ActiveCfg = Debug|Any CPU
		{47BDB77E-C1AD-4784-ACA7-FC2D70C3A2BC}.Debug|Any CPU.Build.0 = Debug|Any CPU
		{47BDB77E-C1AD-4784-ACA7-FC2D70C3A2BC}.Debug|Any CPU.Deploy.0 = Debug|Any CPU
		{47BDB77E-C1AD-4784-ACA7-FC2D70C3A2BC}.Release|Any CPU.ActiveCfg = Release|Any CPU
		{47BDB77E-C1AD-4784-ACA7-FC2D70C3A2BC}.Release|Any CPU.Build.0 = Release|Any CPU
		{47BDB77E-C1AD-4784-ACA7-FC2D70C3A2BC}.Release|Any CPU.Deploy.0 = Release|Any CPU
	EndGlobalSection
	GlobalSection(SolutionProperties) = preSolution
		HideSolutionNode = FALSE
	EndGlobalSection
	GlobalSection(NestedProjects) = preSolution
		{47BDB77E-C1AD-4784-ACA7-FC2D70C3A2BC} = {7108C4BE-2199-4119-B26B-53740CD2F243}
	EndGlobalSection
	GlobalSection(ExtensibilityGlobals) = postSolution
		SolutionGuid = {D9F87285-AD0B-478F-8BCB-BBC169698F9D}
	EndGlobalSection
	GlobalSection(MonoDevelopProperties) = preSolution
		StartupItem = Examples\XamarinAndroid\ExampleBrowser\ExampleBrowser.csproj
	EndGlobalSection
EndGlobal
