
Microsoft Visual Studio Solution File, Format Version 12.00
# Visual Studio 14
VisualStudioVersion = 14.0.25420.1
MinimumVisualStudioVersion = 10.0.40219.1
Project("{2150E333-8FDC-42A3-9474-1A3956D46DE8}") = "4 Examples", "4 Examples", "{0AB67A65-9645-4DF6-98A2-D5734D212E7C}"
EndProject
Project("{FAE04EC0-301F-11D3-BF4B-00C04F79EFBC}") = "OxyPlot.Xamarin.Forms", "OxyPlot.Xamarin.Forms\OxyPlot.Xamarin.Forms.csproj", "{B63C5F8C-61C8-4E69-93D6-F49F816D3746}"
EndProject
Project("{2150E333-8FDC-42A3-9474-1A3956D46DE8}") = "3 Xamarin.Forms", "3 Xamarin.Forms", "{B0654A14-51FF-4DAC-A2CB-A6B9D269B9CA}"
EndProject
Project("{2150E333-8FDC-42A3-9474-1A3956D46DE8}") = "2 Native", "2 Native", "{2137DFE4-114E-45AE-BBCD-6A454D1BF82C}"
EndProject
Project("{FAE04EC0-301F-11D3-BF4B-00C04F79EFBC}") = "OxyPlot.Xamarin.Forms.Platform.UWP", "OxyPlot.Xamarin.Forms.Platform.UWP\OxyPlot.Xamarin.Forms.Platform.UWP.csproj", "{DF37BC48-3A9F-4D90-BA38-70F8C22BCA7B}"
EndProject
Project("{2150E333-8FDC-42A3-9474-1A3956D46DE8}") = "0 Change log", "0 Change log", "{718F324B-6F99-45AD-B4D8-99EBCB9D5F65}"
	ProjectSection(SolutionItems) = preProject
		..\AUTHORS = ..\AUTHORS
		..\CHANGELOG.md = ..\CHANGELOG.md
		..\CONTRIBUTORS = ..\CONTRIBUTORS
	EndProjectSection
EndProject
Project("{2150E333-8FDC-42A3-9474-1A3956D46DE8}") = "0 Documentation", "0 Documentation", "{43AD5530-D29C-4DFE-A8F1-40024B9282E7}"
	ProjectSection(SolutionItems) = preProject
		..\.github\CONTRIBUTING.md = ..\.github\CONTRIBUTING.md
		..\README.md = ..\README.md
	EndProjectSection
EndProject
Project("{2150E333-8FDC-42A3-9474-1A3956D46DE8}") = "SimpleDemo", "SimpleDemo", "{ED79F831-0097-4AEE-B734-15578C0F6F40}"
EndProject
Project("{FAE04EC0-301F-11D3-BF4B-00C04F79EFBC}") = "OxyPlot.Xamarin.Forms.Platform.iOS", "OxyPlot.Xamarin.Forms.Platform.iOS\OxyPlot.Xamarin.Forms.Platform.iOS.csproj", "{64F4DC0C-2BFE-4C22-B9D1-B04566C2314C}"
EndProject
Project("{FAE04EC0-301F-11D3-BF4B-00C04F79EFBC}") = "OxyPlot.Xamarin.Forms.Platform.Android", "OxyPlot.Xamarin.Forms.Platform.Android\OxyPlot.Xamarin.Forms.Platform.Android.csproj", "{60D23CA9-4AF6-4179-A3F5-6AEBC907337E}"
EndProject
Project("{FAE04EC0-301F-11D3-BF4B-00C04F79EFBC}") = "OxyPlot.Xamarin.Android", "OxyPlot.Xamarin.Android\OxyPlot.Xamarin.Android.csproj", "{3296D69F-F4B7-44A5-AEB9-7A179E65F8DD}"
EndProject
Project("{FAE04EC0-301F-11D3-BF4B-00C04F79EFBC}") = "OxyPlot.Xamarin.iOS", "OxyPlot.Xamarin.iOS\OxyPlot.Xamarin.iOS.csproj", "{191ABC81-B335-44D7-BE0D-3C5E9196FA8B}"
EndProject
Project("{FAE04EC0-301F-11D3-BF4B-00C04F79EFBC}") = "SimpleDemo.Android", "Examples\Xamarin.Forms\SimpleDemo\SimpleDemo.Android\SimpleDemo.Android.csproj", "{5A89745A-2AD2-4ABF-8851-535B2024A8FA}"
EndProject
Project("{FAE04EC0-301F-11D3-BF4B-00C04F79EFBC}") = "SimpleDemo.iOS", "Examples\Xamarin.Forms\SimpleDemo\SimpleDemo.iOS\SimpleDemo.iOS.csproj", "{ED6275E6-B519-41E9-89C9-110611CEDFFA}"
EndProject
Project("{FAE04EC0-301F-11D3-BF4B-00C04F79EFBC}") = "SimpleDemo", "Examples\Xamarin.Forms\SimpleDemo\SimpleDemo\SimpleDemo.csproj", "{292A7A42-1A55-45EF-9DAA-4A7368CB956F}"
EndProject
Project("{FAE04EC0-301F-11D3-BF4B-00C04F79EFBC}") = "OxyPlot.Xamarin.Forms.Platform.MacOS", "OxyPlot.Xamarin.Forms.Platform.MacOS\OxyPlot.Xamarin.Forms.Platform.MacOS.csproj", "{BC883D94-FBB7-46AD-ADFC-2571E4C6FC35}"
EndProject
Project("{FAE04EC0-301F-11D3-BF4B-00C04F79EFBC}") = "OxyPlot.Xamarin.Mac", "OxyPlot.Xamarin.Mac\OxyPlot.Xamarin.Mac.csproj", "{F2A015AC-B7E0-4452-99A5-B5106BF57E24}"
EndProject
Project("{FAE04EC0-301F-11D3-BF4B-00C04F79EFBC}") = "SimpleDemo.MacOS", "Examples\Xamarin.Forms\SimpleDemo\SimpleDemo.MacOS\SimpleDemo.MacOS.csproj", "{45F9FFD0-0424-4DD2-9991-DABFF0FF8ED9}"
EndProject
Global
	GlobalSection(SolutionConfigurationPlatforms) = preSolution
		Ad-Hoc|Any CPU = Ad-Hoc|Any CPU
		Ad-Hoc|ARM = Ad-Hoc|ARM
		Ad-Hoc|iPhone = Ad-Hoc|iPhone
		Ad-Hoc|iPhoneSimulator = Ad-Hoc|iPhoneSimulator
		Ad-Hoc|Mixed Platforms = Ad-Hoc|Mixed Platforms
		Ad-Hoc|x64 = Ad-Hoc|x64
		Ad-Hoc|x86 = Ad-Hoc|x86
		AppStore|Any CPU = AppStore|Any CPU
		AppStore|ARM = AppStore|ARM
		AppStore|iPhone = AppStore|iPhone
		AppStore|iPhoneSimulator = AppStore|iPhoneSimulator
		AppStore|Mixed Platforms = AppStore|Mixed Platforms
		AppStore|x64 = AppStore|x64
		AppStore|x86 = AppStore|x86
		Debug|Any CPU = Debug|Any CPU
		Debug|ARM = Debug|ARM
		Debug|iPhone = Debug|iPhone
		Debug|iPhoneSimulator = Debug|iPhoneSimulator
		Debug|Mixed Platforms = Debug|Mixed Platforms
		Debug|x64 = Debug|x64
		Debug|x86 = Debug|x86
		Release|Any CPU = Release|Any CPU
		Release|ARM = Release|ARM
		Release|iPhone = Release|iPhone
		Release|iPhoneSimulator = Release|iPhoneSimulator
		Release|Mixed Platforms = Release|Mixed Platforms
		Release|x64 = Release|x64
		Release|x86 = Release|x86
	EndGlobalSection
	GlobalSection(ProjectConfigurationPlatforms) = postSolution
		{B63C5F8C-61C8-4E69-93D6-F49F816D3746}.Ad-Hoc|Any CPU.ActiveCfg = Release|Any CPU
		{B63C5F8C-61C8-4E69-93D6-F49F816D3746}.Ad-Hoc|Any CPU.Build.0 = Release|Any CPU
		{B63C5F8C-61C8-4E69-93D6-F49F816D3746}.Ad-Hoc|ARM.ActiveCfg = Debug|Any CPU
		{B63C5F8C-61C8-4E69-93D6-F49F816D3746}.Ad-Hoc|iPhone.ActiveCfg = Debug|Any CPU
		{B63C5F8C-61C8-4E69-93D6-F49F816D3746}.Ad-Hoc|iPhone.Build.0 = Debug|Any CPU
		{B63C5F8C-61C8-4E69-93D6-F49F816D3746}.Ad-Hoc|iPhoneSimulator.ActiveCfg = Release|Any CPU
		{B63C5F8C-61C8-4E69-93D6-F49F816D3746}.Ad-Hoc|Mixed Platforms.ActiveCfg = Debug|Any CPU
		{B63C5F8C-61C8-4E69-93D6-F49F816D3746}.Ad-Hoc|Mixed Platforms.Build.0 = Debug|Any CPU
		{B63C5F8C-61C8-4E69-93D6-F49F816D3746}.Ad-Hoc|x64.ActiveCfg = Debug|Any CPU
		{B63C5F8C-61C8-4E69-93D6-F49F816D3746}.Ad-Hoc|x64.Build.0 = Debug|Any CPU
		{B63C5F8C-61C8-4E69-93D6-F49F816D3746}.Ad-Hoc|x86.ActiveCfg = Debug|Any CPU
		{B63C5F8C-61C8-4E69-93D6-F49F816D3746}.AppStore|Any CPU.ActiveCfg = Release|Any CPU
		{B63C5F8C-61C8-4E69-93D6-F49F816D3746}.AppStore|Any CPU.Build.0 = Release|Any CPU
		{B63C5F8C-61C8-4E69-93D6-F49F816D3746}.AppStore|ARM.ActiveCfg = Debug|Any CPU
		{B63C5F8C-61C8-4E69-93D6-F49F816D3746}.AppStore|iPhone.ActiveCfg = Debug|Any CPU
		{B63C5F8C-61C8-4E69-93D6-F49F816D3746}.AppStore|iPhone.Build.0 = Debug|Any CPU
		{B63C5F8C-61C8-4E69-93D6-F49F816D3746}.AppStore|iPhoneSimulator.ActiveCfg = Release|Any CPU
		{B63C5F8C-61C8-4E69-93D6-F49F816D3746}.AppStore|Mixed Platforms.ActiveCfg = Debug|Any CPU
		{B63C5F8C-61C8-4E69-93D6-F49F816D3746}.AppStore|Mixed Platforms.Build.0 = Debug|Any CPU
		{B63C5F8C-61C8-4E69-93D6-F49F816D3746}.AppStore|x64.ActiveCfg = Debug|Any CPU
		{B63C5F8C-61C8-4E69-93D6-F49F816D3746}.AppStore|x64.Build.0 = Debug|Any CPU
		{B63C5F8C-61C8-4E69-93D6-F49F816D3746}.AppStore|x86.ActiveCfg = Debug|Any CPU
		{B63C5F8C-61C8-4E69-93D6-F49F816D3746}.Debug|Any CPU.ActiveCfg = Debug|Any CPU
		{B63C5F8C-61C8-4E69-93D6-F49F816D3746}.Debug|Any CPU.Build.0 = Debug|Any CPU
		{B63C5F8C-61C8-4E69-93D6-F49F816D3746}.Debug|ARM.ActiveCfg = Debug|Any CPU
		{B63C5F8C-61C8-4E69-93D6-F49F816D3746}.Debug|ARM.Build.0 = Debug|Any CPU
		{B63C5F8C-61C8-4E69-93D6-F49F816D3746}.Debug|iPhone.ActiveCfg = Debug|Any CPU
		{B63C5F8C-61C8-4E69-93D6-F49F816D3746}.Debug|iPhone.Build.0 = Debug|Any CPU
		{B63C5F8C-61C8-4E69-93D6-F49F816D3746}.Debug|iPhoneSimulator.ActiveCfg = Debug|Any CPU
		{B63C5F8C-61C8-4E69-93D6-F49F816D3746}.Debug|iPhoneSimulator.Build.0 = Debug|Any CPU
		{B63C5F8C-61C8-4E69-93D6-F49F816D3746}.Debug|Mixed Platforms.ActiveCfg = Debug|Any CPU
		{B63C5F8C-61C8-4E69-93D6-F49F816D3746}.Debug|Mixed Platforms.Build.0 = Debug|Any CPU
		{B63C5F8C-61C8-4E69-93D6-F49F816D3746}.Debug|x64.ActiveCfg = Debug|Any CPU
		{B63C5F8C-61C8-4E69-93D6-F49F816D3746}.Debug|x64.Build.0 = Debug|Any CPU
		{B63C5F8C-61C8-4E69-93D6-F49F816D3746}.Debug|x86.ActiveCfg = Debug|Any CPU
		{B63C5F8C-61C8-4E69-93D6-F49F816D3746}.Release|Any CPU.ActiveCfg = Release|Any CPU
		{B63C5F8C-61C8-4E69-93D6-F49F816D3746}.Release|Any CPU.Build.0 = Release|Any CPU
		{B63C5F8C-61C8-4E69-93D6-F49F816D3746}.Release|ARM.ActiveCfg = Release|Any CPU
		{B63C5F8C-61C8-4E69-93D6-F49F816D3746}.Release|ARM.Build.0 = Release|Any CPU
		{B63C5F8C-61C8-4E69-93D6-F49F816D3746}.Release|iPhone.ActiveCfg = Release|Any CPU
		{B63C5F8C-61C8-4E69-93D6-F49F816D3746}.Release|iPhone.Build.0 = Release|Any CPU
		{B63C5F8C-61C8-4E69-93D6-F49F816D3746}.Release|iPhoneSimulator.ActiveCfg = Release|Any CPU
		{B63C5F8C-61C8-4E69-93D6-F49F816D3746}.Release|iPhoneSimulator.Build.0 = Release|Any CPU
		{B63C5F8C-61C8-4E69-93D6-F49F816D3746}.Release|Mixed Platforms.ActiveCfg = Release|Any CPU
		{B63C5F8C-61C8-4E69-93D6-F49F816D3746}.Release|Mixed Platforms.Build.0 = Release|Any CPU
		{B63C5F8C-61C8-4E69-93D6-F49F816D3746}.Release|x64.ActiveCfg = Release|Any CPU
		{B63C5F8C-61C8-4E69-93D6-F49F816D3746}.Release|x64.Build.0 = Release|Any CPU
		{B63C5F8C-61C8-4E69-93D6-F49F816D3746}.Release|x86.ActiveCfg = Release|Any CPU
		{DF37BC48-3A9F-4D90-BA38-70F8C22BCA7B}.Ad-Hoc|Any CPU.ActiveCfg = Release|Any CPU
		{DF37BC48-3A9F-4D90-BA38-70F8C22BCA7B}.Ad-Hoc|Any CPU.Build.0 = Release|Any CPU
		{DF37BC48-3A9F-4D90-BA38-70F8C22BCA7B}.Ad-Hoc|ARM.ActiveCfg = Release|ARM
		{DF37BC48-3A9F-4D90-BA38-70F8C22BCA7B}.Ad-Hoc|ARM.Build.0 = Release|ARM
		{DF37BC48-3A9F-4D90-BA38-70F8C22BCA7B}.Ad-Hoc|iPhone.ActiveCfg = Release|Any CPU
		{DF37BC48-3A9F-4D90-BA38-70F8C22BCA7B}.Ad-Hoc|iPhone.Build.0 = Release|Any CPU
		{DF37BC48-3A9F-4D90-BA38-70F8C22BCA7B}.Ad-Hoc|iPhoneSimulator.ActiveCfg = Release|Any CPU
		{DF37BC48-3A9F-4D90-BA38-70F8C22BCA7B}.Ad-Hoc|iPhoneSimulator.Build.0 = Release|Any CPU
		{DF37BC48-3A9F-4D90-BA38-70F8C22BCA7B}.Ad-Hoc|Mixed Platforms.ActiveCfg = Release|x86
		{DF37BC48-3A9F-4D90-BA38-70F8C22BCA7B}.Ad-Hoc|Mixed Platforms.Build.0 = Release|x86
		{DF37BC48-3A9F-4D90-BA38-70F8C22BCA7B}.Ad-Hoc|x64.ActiveCfg = Release|x64
		{DF37BC48-3A9F-4D90-BA38-70F8C22BCA7B}.Ad-Hoc|x64.Build.0 = Release|x64
		{DF37BC48-3A9F-4D90-BA38-70F8C22BCA7B}.Ad-Hoc|x86.ActiveCfg = Release|x86
		{DF37BC48-3A9F-4D90-BA38-70F8C22BCA7B}.Ad-Hoc|x86.Build.0 = Release|x86
		{DF37BC48-3A9F-4D90-BA38-70F8C22BCA7B}.AppStore|Any CPU.ActiveCfg = Release|Any CPU
		{DF37BC48-3A9F-4D90-BA38-70F8C22BCA7B}.AppStore|Any CPU.Build.0 = Release|Any CPU
		{DF37BC48-3A9F-4D90-BA38-70F8C22BCA7B}.AppStore|ARM.ActiveCfg = Release|ARM
		{DF37BC48-3A9F-4D90-BA38-70F8C22BCA7B}.AppStore|ARM.Build.0 = Release|ARM
		{DF37BC48-3A9F-4D90-BA38-70F8C22BCA7B}.AppStore|iPhone.ActiveCfg = Release|Any CPU
		{DF37BC48-3A9F-4D90-BA38-70F8C22BCA7B}.AppStore|iPhone.Build.0 = Release|Any CPU
		{DF37BC48-3A9F-4D90-BA38-70F8C22BCA7B}.AppStore|iPhoneSimulator.ActiveCfg = Release|Any CPU
		{DF37BC48-3A9F-4D90-BA38-70F8C22BCA7B}.AppStore|iPhoneSimulator.Build.0 = Release|Any CPU
		{DF37BC48-3A9F-4D90-BA38-70F8C22BCA7B}.AppStore|Mixed Platforms.ActiveCfg = Release|x86
		{DF37BC48-3A9F-4D90-BA38-70F8C22BCA7B}.AppStore|Mixed Platforms.Build.0 = Release|x86
		{DF37BC48-3A9F-4D90-BA38-70F8C22BCA7B}.AppStore|x64.ActiveCfg = Release|x64
		{DF37BC48-3A9F-4D90-BA38-70F8C22BCA7B}.AppStore|x64.Build.0 = Release|x64
		{DF37BC48-3A9F-4D90-BA38-70F8C22BCA7B}.AppStore|x86.ActiveCfg = Release|x86
		{DF37BC48-3A9F-4D90-BA38-70F8C22BCA7B}.AppStore|x86.Build.0 = Release|x86
		{DF37BC48-3A9F-4D90-BA38-70F8C22BCA7B}.Debug|Any CPU.ActiveCfg = Debug|Any CPU
		{DF37BC48-3A9F-4D90-BA38-70F8C22BCA7B}.Debug|Any CPU.Build.0 = Debug|Any CPU
		{DF37BC48-3A9F-4D90-BA38-70F8C22BCA7B}.Debug|ARM.ActiveCfg = Debug|ARM
		{DF37BC48-3A9F-4D90-BA38-70F8C22BCA7B}.Debug|ARM.Build.0 = Debug|ARM
		{DF37BC48-3A9F-4D90-BA38-70F8C22BCA7B}.Debug|iPhone.ActiveCfg = Debug|Any CPU
		{DF37BC48-3A9F-4D90-BA38-70F8C22BCA7B}.Debug|iPhone.Build.0 = Debug|Any CPU
		{DF37BC48-3A9F-4D90-BA38-70F8C22BCA7B}.Debug|iPhoneSimulator.ActiveCfg = Debug|Any CPU
		{DF37BC48-3A9F-4D90-BA38-70F8C22BCA7B}.Debug|iPhoneSimulator.Build.0 = Debug|Any CPU
		{DF37BC48-3A9F-4D90-BA38-70F8C22BCA7B}.Debug|Mixed Platforms.ActiveCfg = Debug|x86
		{DF37BC48-3A9F-4D90-BA38-70F8C22BCA7B}.Debug|Mixed Platforms.Build.0 = Debug|x86
		{DF37BC48-3A9F-4D90-BA38-70F8C22BCA7B}.Debug|x64.ActiveCfg = Debug|x64
		{DF37BC48-3A9F-4D90-BA38-70F8C22BCA7B}.Debug|x64.Build.0 = Debug|x64
		{DF37BC48-3A9F-4D90-BA38-70F8C22BCA7B}.Debug|x86.ActiveCfg = Debug|x86
		{DF37BC48-3A9F-4D90-BA38-70F8C22BCA7B}.Debug|x86.Build.0 = Debug|x86
		{DF37BC48-3A9F-4D90-BA38-70F8C22BCA7B}.Release|Any CPU.ActiveCfg = Release|Any CPU
		{DF37BC48-3A9F-4D90-BA38-70F8C22BCA7B}.Release|Any CPU.Build.0 = Release|Any CPU
		{DF37BC48-3A9F-4D90-BA38-70F8C22BCA7B}.Release|ARM.ActiveCfg = Release|ARM
		{DF37BC48-3A9F-4D90-BA38-70F8C22BCA7B}.Release|ARM.Build.0 = Release|ARM
		{DF37BC48-3A9F-4D90-BA38-70F8C22BCA7B}.Release|iPhone.ActiveCfg = Release|Any CPU
		{DF37BC48-3A9F-4D90-BA38-70F8C22BCA7B}.Release|iPhone.Build.0 = Release|Any CPU
		{DF37BC48-3A9F-4D90-BA38-70F8C22BCA7B}.Release|iPhoneSimulator.ActiveCfg = Release|Any CPU
		{DF37BC48-3A9F-4D90-BA38-70F8C22BCA7B}.Release|iPhoneSimulator.Build.0 = Release|Any CPU
		{DF37BC48-3A9F-4D90-BA38-70F8C22BCA7B}.Release|Mixed Platforms.ActiveCfg = Release|x86
		{DF37BC48-3A9F-4D90-BA38-70F8C22BCA7B}.Release|Mixed Platforms.Build.0 = Release|x86
		{DF37BC48-3A9F-4D90-BA38-70F8C22BCA7B}.Release|x64.ActiveCfg = Release|x64
		{DF37BC48-3A9F-4D90-BA38-70F8C22BCA7B}.Release|x64.Build.0 = Release|x64
		{DF37BC48-3A9F-4D90-BA38-70F8C22BCA7B}.Release|x86.ActiveCfg = Release|x86
		{DF37BC48-3A9F-4D90-BA38-70F8C22BCA7B}.Release|x86.Build.0 = Release|x86
		{64F4DC0C-2BFE-4C22-B9D1-B04566C2314C}.Ad-Hoc|Any CPU.ActiveCfg = Release|Any CPU
		{64F4DC0C-2BFE-4C22-B9D1-B04566C2314C}.Ad-Hoc|Any CPU.Build.0 = Release|Any CPU
		{64F4DC0C-2BFE-4C22-B9D1-B04566C2314C}.Ad-Hoc|ARM.ActiveCfg = Release|Any CPU
		{64F4DC0C-2BFE-4C22-B9D1-B04566C2314C}.Ad-Hoc|iPhone.ActiveCfg = Release|Any CPU
		{64F4DC0C-2BFE-4C22-B9D1-B04566C2314C}.Ad-Hoc|iPhoneSimulator.ActiveCfg = Release|Any CPU
		{64F4DC0C-2BFE-4C22-B9D1-B04566C2314C}.Ad-Hoc|Mixed Platforms.ActiveCfg = Release|Any CPU
		{64F4DC0C-2BFE-4C22-B9D1-B04566C2314C}.Ad-Hoc|Mixed Platforms.Build.0 = Release|Any CPU
		{64F4DC0C-2BFE-4C22-B9D1-B04566C2314C}.Ad-Hoc|x64.ActiveCfg = Debug|Any CPU
		{64F4DC0C-2BFE-4C22-B9D1-B04566C2314C}.Ad-Hoc|x64.Build.0 = Debug|Any CPU
		{64F4DC0C-2BFE-4C22-B9D1-B04566C2314C}.Ad-Hoc|x86.ActiveCfg = Release|Any CPU
		{64F4DC0C-2BFE-4C22-B9D1-B04566C2314C}.AppStore|Any CPU.ActiveCfg = Release|Any CPU
		{64F4DC0C-2BFE-4C22-B9D1-B04566C2314C}.AppStore|Any CPU.Build.0 = Release|Any CPU
		{64F4DC0C-2BFE-4C22-B9D1-B04566C2314C}.AppStore|ARM.ActiveCfg = Release|Any CPU
		{64F4DC0C-2BFE-4C22-B9D1-B04566C2314C}.AppStore|iPhone.ActiveCfg = Release|Any CPU
		{64F4DC0C-2BFE-4C22-B9D1-B04566C2314C}.AppStore|iPhoneSimulator.ActiveCfg = Release|Any CPU
		{64F4DC0C-2BFE-4C22-B9D1-B04566C2314C}.AppStore|Mixed Platforms.ActiveCfg = Release|Any CPU
		{64F4DC0C-2BFE-4C22-B9D1-B04566C2314C}.AppStore|Mixed Platforms.Build.0 = Release|Any CPU
		{64F4DC0C-2BFE-4C22-B9D1-B04566C2314C}.AppStore|x64.ActiveCfg = Debug|Any CPU
		{64F4DC0C-2BFE-4C22-B9D1-B04566C2314C}.AppStore|x64.Build.0 = Debug|Any CPU
		{64F4DC0C-2BFE-4C22-B9D1-B04566C2314C}.AppStore|x86.ActiveCfg = Release|Any CPU
		{64F4DC0C-2BFE-4C22-B9D1-B04566C2314C}.Debug|Any CPU.ActiveCfg = Debug|Any CPU
		{64F4DC0C-2BFE-4C22-B9D1-B04566C2314C}.Debug|Any CPU.Build.0 = Debug|Any CPU
		{64F4DC0C-2BFE-4C22-B9D1-B04566C2314C}.Debug|ARM.ActiveCfg = Debug|Any CPU
		{64F4DC0C-2BFE-4C22-B9D1-B04566C2314C}.Debug|iPhone.ActiveCfg = Debug|Any CPU
		{64F4DC0C-2BFE-4C22-B9D1-B04566C2314C}.Debug|iPhoneSimulator.ActiveCfg = Debug|Any CPU
		{64F4DC0C-2BFE-4C22-B9D1-B04566C2314C}.Debug|Mixed Platforms.ActiveCfg = Debug|Any CPU
		{64F4DC0C-2BFE-4C22-B9D1-B04566C2314C}.Debug|Mixed Platforms.Build.0 = Debug|Any CPU
		{64F4DC0C-2BFE-4C22-B9D1-B04566C2314C}.Debug|x64.ActiveCfg = Debug|Any CPU
		{64F4DC0C-2BFE-4C22-B9D1-B04566C2314C}.Debug|x86.ActiveCfg = Debug|Any CPU
		{64F4DC0C-2BFE-4C22-B9D1-B04566C2314C}.Release|Any CPU.ActiveCfg = Release|Any CPU
		{64F4DC0C-2BFE-4C22-B9D1-B04566C2314C}.Release|Any CPU.Build.0 = Release|Any CPU
		{64F4DC0C-2BFE-4C22-B9D1-B04566C2314C}.Release|ARM.ActiveCfg = Release|Any CPU
		{64F4DC0C-2BFE-4C22-B9D1-B04566C2314C}.Release|iPhone.ActiveCfg = Release|Any CPU
		{64F4DC0C-2BFE-4C22-B9D1-B04566C2314C}.Release|iPhoneSimulator.ActiveCfg = Release|Any CPU
		{64F4DC0C-2BFE-4C22-B9D1-B04566C2314C}.Release|Mixed Platforms.ActiveCfg = Release|Any CPU
		{64F4DC0C-2BFE-4C22-B9D1-B04566C2314C}.Release|Mixed Platforms.Build.0 = Release|Any CPU
		{64F4DC0C-2BFE-4C22-B9D1-B04566C2314C}.Release|x64.ActiveCfg = Release|Any CPU
		{64F4DC0C-2BFE-4C22-B9D1-B04566C2314C}.Release|x86.ActiveCfg = Release|Any CPU
		{60D23CA9-4AF6-4179-A3F5-6AEBC907337E}.Ad-Hoc|Any CPU.ActiveCfg = Release|Any CPU
		{60D23CA9-4AF6-4179-A3F5-6AEBC907337E}.Ad-Hoc|Any CPU.Build.0 = Release|Any CPU
		{60D23CA9-4AF6-4179-A3F5-6AEBC907337E}.Ad-Hoc|ARM.ActiveCfg = Release|Any CPU
		{60D23CA9-4AF6-4179-A3F5-6AEBC907337E}.Ad-Hoc|ARM.Build.0 = Release|Any CPU
		{60D23CA9-4AF6-4179-A3F5-6AEBC907337E}.Ad-Hoc|iPhone.ActiveCfg = Release|Any CPU
		{60D23CA9-4AF6-4179-A3F5-6AEBC907337E}.Ad-Hoc|iPhone.Build.0 = Release|Any CPU
		{60D23CA9-4AF6-4179-A3F5-6AEBC907337E}.Ad-Hoc|iPhoneSimulator.ActiveCfg = Release|Any CPU
		{60D23CA9-4AF6-4179-A3F5-6AEBC907337E}.Ad-Hoc|iPhoneSimulator.Build.0 = Release|Any CPU
		{60D23CA9-4AF6-4179-A3F5-6AEBC907337E}.Ad-Hoc|Mixed Platforms.ActiveCfg = Release|Any CPU
		{60D23CA9-4AF6-4179-A3F5-6AEBC907337E}.Ad-Hoc|Mixed Platforms.Build.0 = Release|Any CPU
		{60D23CA9-4AF6-4179-A3F5-6AEBC907337E}.Ad-Hoc|x64.ActiveCfg = Debug|Any CPU
		{60D23CA9-4AF6-4179-A3F5-6AEBC907337E}.Ad-Hoc|x64.Build.0 = Debug|Any CPU
		{60D23CA9-4AF6-4179-A3F5-6AEBC907337E}.Ad-Hoc|x86.ActiveCfg = Release|Any CPU
		{60D23CA9-4AF6-4179-A3F5-6AEBC907337E}.Ad-Hoc|x86.Build.0 = Release|Any CPU
		{60D23CA9-4AF6-4179-A3F5-6AEBC907337E}.AppStore|Any CPU.ActiveCfg = Release|Any CPU
		{60D23CA9-4AF6-4179-A3F5-6AEBC907337E}.AppStore|Any CPU.Build.0 = Release|Any CPU
		{60D23CA9-4AF6-4179-A3F5-6AEBC907337E}.AppStore|ARM.ActiveCfg = Release|Any CPU
		{60D23CA9-4AF6-4179-A3F5-6AEBC907337E}.AppStore|ARM.Build.0 = Release|Any CPU
		{60D23CA9-4AF6-4179-A3F5-6AEBC907337E}.AppStore|iPhone.ActiveCfg = Release|Any CPU
		{60D23CA9-4AF6-4179-A3F5-6AEBC907337E}.AppStore|iPhone.Build.0 = Release|Any CPU
		{60D23CA9-4AF6-4179-A3F5-6AEBC907337E}.AppStore|iPhoneSimulator.ActiveCfg = Release|Any CPU
		{60D23CA9-4AF6-4179-A3F5-6AEBC907337E}.AppStore|iPhoneSimulator.Build.0 = Release|Any CPU
		{60D23CA9-4AF6-4179-A3F5-6AEBC907337E}.AppStore|Mixed Platforms.ActiveCfg = Release|Any CPU
		{60D23CA9-4AF6-4179-A3F5-6AEBC907337E}.AppStore|Mixed Platforms.Build.0 = Release|Any CPU
		{60D23CA9-4AF6-4179-A3F5-6AEBC907337E}.AppStore|x64.ActiveCfg = Debug|Any CPU
		{60D23CA9-4AF6-4179-A3F5-6AEBC907337E}.AppStore|x64.Build.0 = Debug|Any CPU
		{60D23CA9-4AF6-4179-A3F5-6AEBC907337E}.AppStore|x86.ActiveCfg = Release|Any CPU
		{60D23CA9-4AF6-4179-A3F5-6AEBC907337E}.AppStore|x86.Build.0 = Release|Any CPU
		{60D23CA9-4AF6-4179-A3F5-6AEBC907337E}.Debug|Any CPU.ActiveCfg = Debug|Any CPU
		{60D23CA9-4AF6-4179-A3F5-6AEBC907337E}.Debug|Any CPU.Build.0 = Debug|Any CPU
		{60D23CA9-4AF6-4179-A3F5-6AEBC907337E}.Debug|ARM.ActiveCfg = Debug|Any CPU
		{60D23CA9-4AF6-4179-A3F5-6AEBC907337E}.Debug|iPhone.ActiveCfg = Debug|Any CPU
		{60D23CA9-4AF6-4179-A3F5-6AEBC907337E}.Debug|iPhone.Build.0 = Debug|Any CPU
		{60D23CA9-4AF6-4179-A3F5-6AEBC907337E}.Debug|iPhoneSimulator.ActiveCfg = Debug|Any CPU
		{60D23CA9-4AF6-4179-A3F5-6AEBC907337E}.Debug|iPhoneSimulator.Build.0 = Debug|Any CPU
		{60D23CA9-4AF6-4179-A3F5-6AEBC907337E}.Debug|Mixed Platforms.ActiveCfg = Debug|Any CPU
		{60D23CA9-4AF6-4179-A3F5-6AEBC907337E}.Debug|Mixed Platforms.Build.0 = Debug|Any CPU
		{60D23CA9-4AF6-4179-A3F5-6AEBC907337E}.Debug|x64.ActiveCfg = Debug|Any CPU
		{60D23CA9-4AF6-4179-A3F5-6AEBC907337E}.Debug|x86.ActiveCfg = Debug|Any CPU
		{60D23CA9-4AF6-4179-A3F5-6AEBC907337E}.Debug|x86.Build.0 = Debug|Any CPU
		{60D23CA9-4AF6-4179-A3F5-6AEBC907337E}.Release|Any CPU.ActiveCfg = Release|Any CPU
		{60D23CA9-4AF6-4179-A3F5-6AEBC907337E}.Release|Any CPU.Build.0 = Release|Any CPU
		{60D23CA9-4AF6-4179-A3F5-6AEBC907337E}.Release|ARM.ActiveCfg = Release|Any CPU
		{60D23CA9-4AF6-4179-A3F5-6AEBC907337E}.Release|iPhone.ActiveCfg = Release|Any CPU
		{60D23CA9-4AF6-4179-A3F5-6AEBC907337E}.Release|iPhone.Build.0 = Release|Any CPU
		{60D23CA9-4AF6-4179-A3F5-6AEBC907337E}.Release|iPhoneSimulator.ActiveCfg = Release|Any CPU
		{60D23CA9-4AF6-4179-A3F5-6AEBC907337E}.Release|iPhoneSimulator.Build.0 = Release|Any CPU
		{60D23CA9-4AF6-4179-A3F5-6AEBC907337E}.Release|Mixed Platforms.ActiveCfg = Release|Any CPU
		{60D23CA9-4AF6-4179-A3F5-6AEBC907337E}.Release|Mixed Platforms.Build.0 = Release|Any CPU
		{60D23CA9-4AF6-4179-A3F5-6AEBC907337E}.Release|x64.ActiveCfg = Release|Any CPU
		{60D23CA9-4AF6-4179-A3F5-6AEBC907337E}.Release|x86.ActiveCfg = Release|Any CPU
		{60D23CA9-4AF6-4179-A3F5-6AEBC907337E}.Release|x86.Build.0 = Release|Any CPU
		{3296D69F-F4B7-44A5-AEB9-7A179E65F8DD}.Ad-Hoc|Any CPU.ActiveCfg = Debug|Any CPU
		{3296D69F-F4B7-44A5-AEB9-7A179E65F8DD}.Ad-Hoc|Any CPU.Build.0 = Debug|Any CPU
		{3296D69F-F4B7-44A5-AEB9-7A179E65F8DD}.Ad-Hoc|ARM.ActiveCfg = Release|Any CPU
		{3296D69F-F4B7-44A5-AEB9-7A179E65F8DD}.Ad-Hoc|iPhone.ActiveCfg = Release|Any CPU
		{3296D69F-F4B7-44A5-AEB9-7A179E65F8DD}.Ad-Hoc|iPhone.Build.0 = Release|Any CPU
		{3296D69F-F4B7-44A5-AEB9-7A179E65F8DD}.Ad-Hoc|iPhoneSimulator.ActiveCfg = Debug|Any CPU
		{3296D69F-F4B7-44A5-AEB9-7A179E65F8DD}.Ad-Hoc|Mixed Platforms.ActiveCfg = Release|Any CPU
		{3296D69F-F4B7-44A5-AEB9-7A179E65F8DD}.Ad-Hoc|Mixed Platforms.Build.0 = Release|Any CPU
		{3296D69F-F4B7-44A5-AEB9-7A179E65F8DD}.Ad-Hoc|x64.ActiveCfg = Release|Any CPU
		{3296D69F-F4B7-44A5-AEB9-7A179E65F8DD}.Ad-Hoc|x64.Build.0 = Release|Any CPU
		{3296D69F-F4B7-44A5-AEB9-7A179E65F8DD}.Ad-Hoc|x86.ActiveCfg = Release|Any CPU
		{3296D69F-F4B7-44A5-AEB9-7A179E65F8DD}.AppStore|Any CPU.ActiveCfg = Debug|Any CPU
		{3296D69F-F4B7-44A5-AEB9-7A179E65F8DD}.AppStore|Any CPU.Build.0 = Debug|Any CPU
		{3296D69F-F4B7-44A5-AEB9-7A179E65F8DD}.AppStore|ARM.ActiveCfg = Release|Any CPU
		{3296D69F-F4B7-44A5-AEB9-7A179E65F8DD}.AppStore|iPhone.ActiveCfg = Release|Any CPU
		{3296D69F-F4B7-44A5-AEB9-7A179E65F8DD}.AppStore|iPhone.Build.0 = Release|Any CPU
		{3296D69F-F4B7-44A5-AEB9-7A179E65F8DD}.AppStore|iPhoneSimulator.ActiveCfg = Debug|Any CPU
		{3296D69F-F4B7-44A5-AEB9-7A179E65F8DD}.AppStore|Mixed Platforms.ActiveCfg = Release|Any CPU
		{3296D69F-F4B7-44A5-AEB9-7A179E65F8DD}.AppStore|Mixed Platforms.Build.0 = Release|Any CPU
		{3296D69F-F4B7-44A5-AEB9-7A179E65F8DD}.AppStore|x64.ActiveCfg = Release|Any CPU
		{3296D69F-F4B7-44A5-AEB9-7A179E65F8DD}.AppStore|x64.Build.0 = Release|Any CPU
		{3296D69F-F4B7-44A5-AEB9-7A179E65F8DD}.AppStore|x86.ActiveCfg = Release|Any CPU
		{3296D69F-F4B7-44A5-AEB9-7A179E65F8DD}.Debug|Any CPU.ActiveCfg = Debug|Any CPU
		{3296D69F-F4B7-44A5-AEB9-7A179E65F8DD}.Debug|Any CPU.Build.0 = Debug|Any CPU
		{3296D69F-F4B7-44A5-AEB9-7A179E65F8DD}.Debug|ARM.ActiveCfg = Debug|Any CPU
		{3296D69F-F4B7-44A5-AEB9-7A179E65F8DD}.Debug|iPhone.ActiveCfg = Debug|Any CPU
		{3296D69F-F4B7-44A5-AEB9-7A179E65F8DD}.Debug|iPhone.Build.0 = Debug|Any CPU
		{3296D69F-F4B7-44A5-AEB9-7A179E65F8DD}.Debug|iPhoneSimulator.ActiveCfg = Debug|Any CPU
		{3296D69F-F4B7-44A5-AEB9-7A179E65F8DD}.Debug|iPhoneSimulator.Build.0 = Debug|Any CPU
		{3296D69F-F4B7-44A5-AEB9-7A179E65F8DD}.Debug|Mixed Platforms.ActiveCfg = Debug|Any CPU
		{3296D69F-F4B7-44A5-AEB9-7A179E65F8DD}.Debug|Mixed Platforms.Build.0 = Debug|Any CPU
		{3296D69F-F4B7-44A5-AEB9-7A179E65F8DD}.Debug|x64.ActiveCfg = Debug|Any CPU
		{3296D69F-F4B7-44A5-AEB9-7A179E65F8DD}.Debug|x86.ActiveCfg = Debug|Any CPU
		{3296D69F-F4B7-44A5-AEB9-7A179E65F8DD}.Release|Any CPU.ActiveCfg = Release|Any CPU
		{3296D69F-F4B7-44A5-AEB9-7A179E65F8DD}.Release|Any CPU.Build.0 = Release|Any CPU
		{3296D69F-F4B7-44A5-AEB9-7A179E65F8DD}.Release|ARM.ActiveCfg = Release|Any CPU
		{3296D69F-F4B7-44A5-AEB9-7A179E65F8DD}.Release|iPhone.ActiveCfg = Release|Any CPU
		{3296D69F-F4B7-44A5-AEB9-7A179E65F8DD}.Release|iPhone.Build.0 = Release|Any CPU
		{3296D69F-F4B7-44A5-AEB9-7A179E65F8DD}.Release|iPhoneSimulator.ActiveCfg = Release|Any CPU
		{3296D69F-F4B7-44A5-AEB9-7A179E65F8DD}.Release|iPhoneSimulator.Build.0 = Release|Any CPU
		{3296D69F-F4B7-44A5-AEB9-7A179E65F8DD}.Release|Mixed Platforms.ActiveCfg = Release|Any CPU
		{3296D69F-F4B7-44A5-AEB9-7A179E65F8DD}.Release|Mixed Platforms.Build.0 = Release|Any CPU
		{3296D69F-F4B7-44A5-AEB9-7A179E65F8DD}.Release|x64.ActiveCfg = Release|Any CPU
		{3296D69F-F4B7-44A5-AEB9-7A179E65F8DD}.Release|x86.ActiveCfg = Release|Any CPU
		{191ABC81-B335-44D7-BE0D-3C5E9196FA8B}.Ad-Hoc|Any CPU.ActiveCfg = Release|Any CPU
		{191ABC81-B335-44D7-BE0D-3C5E9196FA8B}.Ad-Hoc|Any CPU.Build.0 = Release|Any CPU
		{191ABC81-B335-44D7-BE0D-3C5E9196FA8B}.Ad-Hoc|ARM.ActiveCfg = Release|Any CPU
		{191ABC81-B335-44D7-BE0D-3C5E9196FA8B}.Ad-Hoc|iPhone.ActiveCfg = Release|Any CPU
		{191ABC81-B335-44D7-BE0D-3C5E9196FA8B}.Ad-Hoc|iPhoneSimulator.ActiveCfg = Release|Any CPU
		{191ABC81-B335-44D7-BE0D-3C5E9196FA8B}.Ad-Hoc|Mixed Platforms.ActiveCfg = Release|Any CPU
		{191ABC81-B335-44D7-BE0D-3C5E9196FA8B}.Ad-Hoc|Mixed Platforms.Build.0 = Release|Any CPU
		{191ABC81-B335-44D7-BE0D-3C5E9196FA8B}.Ad-Hoc|x64.ActiveCfg = Debug|Any CPU
		{191ABC81-B335-44D7-BE0D-3C5E9196FA8B}.Ad-Hoc|x64.Build.0 = Debug|Any CPU
		{191ABC81-B335-44D7-BE0D-3C5E9196FA8B}.Ad-Hoc|x86.ActiveCfg = Release|Any CPU
		{191ABC81-B335-44D7-BE0D-3C5E9196FA8B}.AppStore|Any CPU.ActiveCfg = Release|Any CPU
		{191ABC81-B335-44D7-BE0D-3C5E9196FA8B}.AppStore|Any CPU.Build.0 = Release|Any CPU
		{191ABC81-B335-44D7-BE0D-3C5E9196FA8B}.AppStore|ARM.ActiveCfg = Release|Any CPU
		{191ABC81-B335-44D7-BE0D-3C5E9196FA8B}.AppStore|iPhone.ActiveCfg = Release|Any CPU
		{191ABC81-B335-44D7-BE0D-3C5E9196FA8B}.AppStore|iPhoneSimulator.ActiveCfg = Release|Any CPU
		{191ABC81-B335-44D7-BE0D-3C5E9196FA8B}.AppStore|Mixed Platforms.ActiveCfg = Release|Any CPU
		{191ABC81-B335-44D7-BE0D-3C5E9196FA8B}.AppStore|Mixed Platforms.Build.0 = Release|Any CPU
		{191ABC81-B335-44D7-BE0D-3C5E9196FA8B}.AppStore|x64.ActiveCfg = Debug|Any CPU
		{191ABC81-B335-44D7-BE0D-3C5E9196FA8B}.AppStore|x64.Build.0 = Debug|Any CPU
		{191ABC81-B335-44D7-BE0D-3C5E9196FA8B}.AppStore|x86.ActiveCfg = Release|Any CPU
		{191ABC81-B335-44D7-BE0D-3C5E9196FA8B}.Debug|Any CPU.ActiveCfg = Debug|Any CPU
		{191ABC81-B335-44D7-BE0D-3C5E9196FA8B}.Debug|Any CPU.Build.0 = Debug|Any CPU
		{191ABC81-B335-44D7-BE0D-3C5E9196FA8B}.Debug|ARM.ActiveCfg = Debug|Any CPU
		{191ABC81-B335-44D7-BE0D-3C5E9196FA8B}.Debug|iPhone.ActiveCfg = Debug|Any CPU
		{191ABC81-B335-44D7-BE0D-3C5E9196FA8B}.Debug|iPhoneSimulator.ActiveCfg = Debug|Any CPU
		{191ABC81-B335-44D7-BE0D-3C5E9196FA8B}.Debug|Mixed Platforms.ActiveCfg = Debug|Any CPU
		{191ABC81-B335-44D7-BE0D-3C5E9196FA8B}.Debug|Mixed Platforms.Build.0 = Debug|Any CPU
		{191ABC81-B335-44D7-BE0D-3C5E9196FA8B}.Debug|x64.ActiveCfg = Debug|Any CPU
		{191ABC81-B335-44D7-BE0D-3C5E9196FA8B}.Debug|x86.ActiveCfg = Debug|Any CPU
		{191ABC81-B335-44D7-BE0D-3C5E9196FA8B}.Release|Any CPU.ActiveCfg = Release|Any CPU
		{191ABC81-B335-44D7-BE0D-3C5E9196FA8B}.Release|Any CPU.Build.0 = Release|Any CPU
		{191ABC81-B335-44D7-BE0D-3C5E9196FA8B}.Release|ARM.ActiveCfg = Release|Any CPU
		{191ABC81-B335-44D7-BE0D-3C5E9196FA8B}.Release|iPhone.ActiveCfg = Release|Any CPU
		{191ABC81-B335-44D7-BE0D-3C5E9196FA8B}.Release|iPhoneSimulator.ActiveCfg = Release|Any CPU
		{191ABC81-B335-44D7-BE0D-3C5E9196FA8B}.Release|Mixed Platforms.ActiveCfg = Release|Any CPU
		{191ABC81-B335-44D7-BE0D-3C5E9196FA8B}.Release|Mixed Platforms.Build.0 = Release|Any CPU
		{191ABC81-B335-44D7-BE0D-3C5E9196FA8B}.Release|x64.ActiveCfg = Release|Any CPU
		{191ABC81-B335-44D7-BE0D-3C5E9196FA8B}.Release|x86.ActiveCfg = Release|Any CPU
		{5A89745A-2AD2-4ABF-8851-535B2024A8FA}.Ad-Hoc|Any CPU.ActiveCfg = Release|Any CPU
		{5A89745A-2AD2-4ABF-8851-535B2024A8FA}.Ad-Hoc|Any CPU.Build.0 = Release|Any CPU
		{5A89745A-2AD2-4ABF-8851-535B2024A8FA}.Ad-Hoc|ARM.ActiveCfg = Release|Any CPU
		{5A89745A-2AD2-4ABF-8851-535B2024A8FA}.Ad-Hoc|ARM.Build.0 = Release|Any CPU
		{5A89745A-2AD2-4ABF-8851-535B2024A8FA}.Ad-Hoc|iPhone.ActiveCfg = Release|Any CPU
		{5A89745A-2AD2-4ABF-8851-535B2024A8FA}.Ad-Hoc|iPhone.Build.0 = Release|Any CPU
		{5A89745A-2AD2-4ABF-8851-535B2024A8FA}.Ad-Hoc|iPhoneSimulator.ActiveCfg = Release|Any CPU
		{5A89745A-2AD2-4ABF-8851-535B2024A8FA}.Ad-Hoc|iPhoneSimulator.Build.0 = Release|Any CPU
		{5A89745A-2AD2-4ABF-8851-535B2024A8FA}.Ad-Hoc|Mixed Platforms.ActiveCfg = Release|Any CPU
		{5A89745A-2AD2-4ABF-8851-535B2024A8FA}.Ad-Hoc|Mixed Platforms.Build.0 = Release|Any CPU
		{5A89745A-2AD2-4ABF-8851-535B2024A8FA}.Ad-Hoc|x64.ActiveCfg = Debug|Any CPU
		{5A89745A-2AD2-4ABF-8851-535B2024A8FA}.Ad-Hoc|x64.Build.0 = Debug|Any CPU
		{5A89745A-2AD2-4ABF-8851-535B2024A8FA}.Ad-Hoc|x86.ActiveCfg = Release|Any CPU
		{5A89745A-2AD2-4ABF-8851-535B2024A8FA}.Ad-Hoc|x86.Build.0 = Release|Any CPU
		{5A89745A-2AD2-4ABF-8851-535B2024A8FA}.AppStore|Any CPU.ActiveCfg = Release|Any CPU
		{5A89745A-2AD2-4ABF-8851-535B2024A8FA}.AppStore|Any CPU.Build.0 = Release|Any CPU
		{5A89745A-2AD2-4ABF-8851-535B2024A8FA}.AppStore|ARM.ActiveCfg = Release|Any CPU
		{5A89745A-2AD2-4ABF-8851-535B2024A8FA}.AppStore|ARM.Build.0 = Release|Any CPU
		{5A89745A-2AD2-4ABF-8851-535B2024A8FA}.AppStore|iPhone.ActiveCfg = Release|Any CPU
		{5A89745A-2AD2-4ABF-8851-535B2024A8FA}.AppStore|iPhone.Build.0 = Release|Any CPU
		{5A89745A-2AD2-4ABF-8851-535B2024A8FA}.AppStore|iPhoneSimulator.ActiveCfg = Release|Any CPU
		{5A89745A-2AD2-4ABF-8851-535B2024A8FA}.AppStore|iPhoneSimulator.Build.0 = Release|Any CPU
		{5A89745A-2AD2-4ABF-8851-535B2024A8FA}.AppStore|Mixed Platforms.ActiveCfg = Release|Any CPU
		{5A89745A-2AD2-4ABF-8851-535B2024A8FA}.AppStore|Mixed Platforms.Build.0 = Release|Any CPU
		{5A89745A-2AD2-4ABF-8851-535B2024A8FA}.AppStore|x64.ActiveCfg = Debug|Any CPU
		{5A89745A-2AD2-4ABF-8851-535B2024A8FA}.AppStore|x64.Build.0 = Debug|Any CPU
		{5A89745A-2AD2-4ABF-8851-535B2024A8FA}.AppStore|x86.ActiveCfg = Release|Any CPU
		{5A89745A-2AD2-4ABF-8851-535B2024A8FA}.AppStore|x86.Build.0 = Release|Any CPU
		{5A89745A-2AD2-4ABF-8851-535B2024A8FA}.Debug|Any CPU.ActiveCfg = Debug|Any CPU
		{5A89745A-2AD2-4ABF-8851-535B2024A8FA}.Debug|Any CPU.Build.0 = Debug|Any CPU
		{5A89745A-2AD2-4ABF-8851-535B2024A8FA}.Debug|ARM.ActiveCfg = Debug|Any CPU
		{5A89745A-2AD2-4ABF-8851-535B2024A8FA}.Debug|ARM.Build.0 = Debug|Any CPU
		{5A89745A-2AD2-4ABF-8851-535B2024A8FA}.Debug|iPhone.ActiveCfg = Debug|Any CPU
		{5A89745A-2AD2-4ABF-8851-535B2024A8FA}.Debug|iPhone.Build.0 = Debug|Any CPU
		{5A89745A-2AD2-4ABF-8851-535B2024A8FA}.Debug|iPhoneSimulator.ActiveCfg = Debug|Any CPU
		{5A89745A-2AD2-4ABF-8851-535B2024A8FA}.Debug|iPhoneSimulator.Build.0 = Debug|Any CPU
		{5A89745A-2AD2-4ABF-8851-535B2024A8FA}.Debug|Mixed Platforms.ActiveCfg = Debug|Any CPU
		{5A89745A-2AD2-4ABF-8851-535B2024A8FA}.Debug|Mixed Platforms.Build.0 = Debug|Any CPU
		{5A89745A-2AD2-4ABF-8851-535B2024A8FA}.Debug|x64.ActiveCfg = Debug|Any CPU
		{5A89745A-2AD2-4ABF-8851-535B2024A8FA}.Debug|x64.Build.0 = Debug|Any CPU
		{5A89745A-2AD2-4ABF-8851-535B2024A8FA}.Debug|x86.ActiveCfg = Debug|Any CPU
		{5A89745A-2AD2-4ABF-8851-535B2024A8FA}.Debug|x86.Build.0 = Debug|Any CPU
		{5A89745A-2AD2-4ABF-8851-535B2024A8FA}.Release|Any CPU.ActiveCfg = Release|Any CPU
		{5A89745A-2AD2-4ABF-8851-535B2024A8FA}.Release|Any CPU.Build.0 = Release|Any CPU
		{5A89745A-2AD2-4ABF-8851-535B2024A8FA}.Release|ARM.ActiveCfg = Release|Any CPU
		{5A89745A-2AD2-4ABF-8851-535B2024A8FA}.Release|ARM.Build.0 = Release|Any CPU
		{5A89745A-2AD2-4ABF-8851-535B2024A8FA}.Release|iPhone.ActiveCfg = Release|Any CPU
		{5A89745A-2AD2-4ABF-8851-535B2024A8FA}.Release|iPhone.Build.0 = Release|Any CPU
		{5A89745A-2AD2-4ABF-8851-535B2024A8FA}.Release|iPhoneSimulator.ActiveCfg = Release|Any CPU
		{5A89745A-2AD2-4ABF-8851-535B2024A8FA}.Release|iPhoneSimulator.Build.0 = Release|Any CPU
		{5A89745A-2AD2-4ABF-8851-535B2024A8FA}.Release|Mixed Platforms.ActiveCfg = Release|Any CPU
		{5A89745A-2AD2-4ABF-8851-535B2024A8FA}.Release|Mixed Platforms.Build.0 = Release|Any CPU
		{5A89745A-2AD2-4ABF-8851-535B2024A8FA}.Release|x64.ActiveCfg = Release|Any CPU
		{5A89745A-2AD2-4ABF-8851-535B2024A8FA}.Release|x64.Build.0 = Release|Any CPU
		{5A89745A-2AD2-4ABF-8851-535B2024A8FA}.Release|x86.ActiveCfg = Release|Any CPU
		{5A89745A-2AD2-4ABF-8851-535B2024A8FA}.Release|x86.Build.0 = Release|Any CPU
		{ED6275E6-B519-41E9-89C9-110611CEDFFA}.Ad-Hoc|Any CPU.ActiveCfg = Ad-Hoc|iPhone
		{ED6275E6-B519-41E9-89C9-110611CEDFFA}.Ad-Hoc|Any CPU.Build.0 = Ad-Hoc|iPhone
		{ED6275E6-B519-41E9-89C9-110611CEDFFA}.Ad-Hoc|ARM.ActiveCfg = Ad-Hoc|iPhone
		{ED6275E6-B519-41E9-89C9-110611CEDFFA}.Ad-Hoc|ARM.Build.0 = Ad-Hoc|iPhone
		{ED6275E6-B519-41E9-89C9-110611CEDFFA}.Ad-Hoc|iPhone.ActiveCfg = Ad-Hoc|iPhone
		{ED6275E6-B519-41E9-89C9-110611CEDFFA}.Ad-Hoc|iPhone.Build.0 = Ad-Hoc|iPhone
		{ED6275E6-B519-41E9-89C9-110611CEDFFA}.Ad-Hoc|iPhoneSimulator.ActiveCfg = Debug|iPhoneSimulator
		{ED6275E6-B519-41E9-89C9-110611CEDFFA}.Ad-Hoc|iPhoneSimulator.Build.0 = Debug|iPhoneSimulator
		{ED6275E6-B519-41E9-89C9-110611CEDFFA}.Ad-Hoc|Mixed Platforms.ActiveCfg = Ad-Hoc|iPhone
		{ED6275E6-B519-41E9-89C9-110611CEDFFA}.Ad-Hoc|Mixed Platforms.Build.0 = Ad-Hoc|iPhone
		{ED6275E6-B519-41E9-89C9-110611CEDFFA}.Ad-Hoc|x64.ActiveCfg = Ad-Hoc|iPhone
		{ED6275E6-B519-41E9-89C9-110611CEDFFA}.Ad-Hoc|x64.Build.0 = Ad-Hoc|iPhone
		{ED6275E6-B519-41E9-89C9-110611CEDFFA}.Ad-Hoc|x86.ActiveCfg = Ad-Hoc|iPhone
		{ED6275E6-B519-41E9-89C9-110611CEDFFA}.Ad-Hoc|x86.Build.0 = Ad-Hoc|iPhone
		{ED6275E6-B519-41E9-89C9-110611CEDFFA}.AppStore|Any CPU.ActiveCfg = AppStore|iPhone
		{ED6275E6-B519-41E9-89C9-110611CEDFFA}.AppStore|Any CPU.Build.0 = AppStore|iPhone
		{ED6275E6-B519-41E9-89C9-110611CEDFFA}.AppStore|ARM.ActiveCfg = AppStore|iPhone
		{ED6275E6-B519-41E9-89C9-110611CEDFFA}.AppStore|ARM.Build.0 = AppStore|iPhone
		{ED6275E6-B519-41E9-89C9-110611CEDFFA}.AppStore|iPhone.ActiveCfg = AppStore|iPhone
		{ED6275E6-B519-41E9-89C9-110611CEDFFA}.AppStore|iPhone.Build.0 = AppStore|iPhone
		{ED6275E6-B519-41E9-89C9-110611CEDFFA}.AppStore|iPhoneSimulator.ActiveCfg = Debug|iPhoneSimulator
		{ED6275E6-B519-41E9-89C9-110611CEDFFA}.AppStore|iPhoneSimulator.Build.0 = Debug|iPhoneSimulator
		{ED6275E6-B519-41E9-89C9-110611CEDFFA}.AppStore|Mixed Platforms.ActiveCfg = AppStore|iPhone
		{ED6275E6-B519-41E9-89C9-110611CEDFFA}.AppStore|Mixed Platforms.Build.0 = AppStore|iPhone
		{ED6275E6-B519-41E9-89C9-110611CEDFFA}.AppStore|x64.ActiveCfg = AppStore|iPhone
		{ED6275E6-B519-41E9-89C9-110611CEDFFA}.AppStore|x64.Build.0 = AppStore|iPhone
		{ED6275E6-B519-41E9-89C9-110611CEDFFA}.AppStore|x86.ActiveCfg = AppStore|iPhone
		{ED6275E6-B519-41E9-89C9-110611CEDFFA}.AppStore|x86.Build.0 = AppStore|iPhone
		{ED6275E6-B519-41E9-89C9-110611CEDFFA}.Debug|Any CPU.ActiveCfg = Debug|iPhoneSimulator
		{ED6275E6-B519-41E9-89C9-110611CEDFFA}.Debug|Any CPU.Build.0 = Debug|iPhoneSimulator
		{ED6275E6-B519-41E9-89C9-110611CEDFFA}.Debug|ARM.ActiveCfg = Debug|iPhoneSimulator
		{ED6275E6-B519-41E9-89C9-110611CEDFFA}.Debug|ARM.Build.0 = Debug|iPhoneSimulator
		{ED6275E6-B519-41E9-89C9-110611CEDFFA}.Debug|iPhone.ActiveCfg = Debug|iPhone
		{ED6275E6-B519-41E9-89C9-110611CEDFFA}.Debug|iPhone.Build.0 = Debug|iPhone
		{ED6275E6-B519-41E9-89C9-110611CEDFFA}.Debug|iPhoneSimulator.ActiveCfg = Debug|iPhoneSimulator
		{ED6275E6-B519-41E9-89C9-110611CEDFFA}.Debug|iPhoneSimulator.Build.0 = Debug|iPhoneSimulator
		{ED6275E6-B519-41E9-89C9-110611CEDFFA}.Debug|Mixed Platforms.ActiveCfg = Debug|iPhoneSimulator
		{ED6275E6-B519-41E9-89C9-110611CEDFFA}.Debug|Mixed Platforms.Build.0 = Debug|iPhoneSimulator
		{ED6275E6-B519-41E9-89C9-110611CEDFFA}.Debug|x64.ActiveCfg = Debug|iPhoneSimulator
		{ED6275E6-B519-41E9-89C9-110611CEDFFA}.Debug|x64.Build.0 = Debug|iPhoneSimulator
		{ED6275E6-B519-41E9-89C9-110611CEDFFA}.Debug|x86.ActiveCfg = Debug|iPhoneSimulator
		{ED6275E6-B519-41E9-89C9-110611CEDFFA}.Debug|x86.Build.0 = Debug|iPhoneSimulator
		{ED6275E6-B519-41E9-89C9-110611CEDFFA}.Release|Any CPU.ActiveCfg = Release|iPhoneSimulator
		{ED6275E6-B519-41E9-89C9-110611CEDFFA}.Release|Any CPU.Build.0 = Release|iPhoneSimulator
		{ED6275E6-B519-41E9-89C9-110611CEDFFA}.Release|ARM.ActiveCfg = Release|iPhoneSimulator
		{ED6275E6-B519-41E9-89C9-110611CEDFFA}.Release|ARM.Build.0 = Release|iPhoneSimulator
		{ED6275E6-B519-41E9-89C9-110611CEDFFA}.Release|iPhone.ActiveCfg = Release|iPhone
		{ED6275E6-B519-41E9-89C9-110611CEDFFA}.Release|iPhone.Build.0 = Release|iPhone
		{ED6275E6-B519-41E9-89C9-110611CEDFFA}.Release|iPhoneSimulator.ActiveCfg = Release|iPhoneSimulator
		{ED6275E6-B519-41E9-89C9-110611CEDFFA}.Release|iPhoneSimulator.Build.0 = Release|iPhoneSimulator
		{ED6275E6-B519-41E9-89C9-110611CEDFFA}.Release|Mixed Platforms.ActiveCfg = Release|iPhoneSimulator
		{ED6275E6-B519-41E9-89C9-110611CEDFFA}.Release|Mixed Platforms.Build.0 = Release|iPhoneSimulator
		{ED6275E6-B519-41E9-89C9-110611CEDFFA}.Release|x64.ActiveCfg = Release|iPhoneSimulator
		{ED6275E6-B519-41E9-89C9-110611CEDFFA}.Release|x64.Build.0 = Release|iPhoneSimulator
		{ED6275E6-B519-41E9-89C9-110611CEDFFA}.Release|x86.ActiveCfg = Release|iPhoneSimulator
		{ED6275E6-B519-41E9-89C9-110611CEDFFA}.Release|x86.Build.0 = Release|iPhoneSimulator
		{292A7A42-1A55-45EF-9DAA-4A7368CB956F}.Ad-Hoc|Any CPU.ActiveCfg = Release|Any CPU
		{292A7A42-1A55-45EF-9DAA-4A7368CB956F}.Ad-Hoc|Any CPU.Build.0 = Release|Any CPU
		{292A7A42-1A55-45EF-9DAA-4A7368CB956F}.Ad-Hoc|ARM.ActiveCfg = Release|Any CPU
		{292A7A42-1A55-45EF-9DAA-4A7368CB956F}.Ad-Hoc|ARM.Build.0 = Release|Any CPU
		{292A7A42-1A55-45EF-9DAA-4A7368CB956F}.Ad-Hoc|iPhone.ActiveCfg = Release|Any CPU
		{292A7A42-1A55-45EF-9DAA-4A7368CB956F}.Ad-Hoc|iPhone.Build.0 = Release|Any CPU
		{292A7A42-1A55-45EF-9DAA-4A7368CB956F}.Ad-Hoc|iPhoneSimulator.ActiveCfg = Release|Any CPU
		{292A7A42-1A55-45EF-9DAA-4A7368CB956F}.Ad-Hoc|iPhoneSimulator.Build.0 = Release|Any CPU
		{292A7A42-1A55-45EF-9DAA-4A7368CB956F}.Ad-Hoc|Mixed Platforms.ActiveCfg = Release|Any CPU
		{292A7A42-1A55-45EF-9DAA-4A7368CB956F}.Ad-Hoc|Mixed Platforms.Build.0 = Release|Any CPU
		{292A7A42-1A55-45EF-9DAA-4A7368CB956F}.Ad-Hoc|x64.ActiveCfg = Debug|Any CPU
		{292A7A42-1A55-45EF-9DAA-4A7368CB956F}.Ad-Hoc|x64.Build.0 = Debug|Any CPU
		{292A7A42-1A55-45EF-9DAA-4A7368CB956F}.Ad-Hoc|x86.ActiveCfg = Release|Any CPU
		{292A7A42-1A55-45EF-9DAA-4A7368CB956F}.Ad-Hoc|x86.Build.0 = Release|Any CPU
		{292A7A42-1A55-45EF-9DAA-4A7368CB956F}.AppStore|Any CPU.ActiveCfg = Release|Any CPU
		{292A7A42-1A55-45EF-9DAA-4A7368CB956F}.AppStore|Any CPU.Build.0 = Release|Any CPU
		{292A7A42-1A55-45EF-9DAA-4A7368CB956F}.AppStore|ARM.ActiveCfg = Release|Any CPU
		{292A7A42-1A55-45EF-9DAA-4A7368CB956F}.AppStore|ARM.Build.0 = Release|Any CPU
		{292A7A42-1A55-45EF-9DAA-4A7368CB956F}.AppStore|iPhone.ActiveCfg = Release|Any CPU
		{292A7A42-1A55-45EF-9DAA-4A7368CB956F}.AppStore|iPhone.Build.0 = Release|Any CPU
		{292A7A42-1A55-45EF-9DAA-4A7368CB956F}.AppStore|iPhoneSimulator.ActiveCfg = Release|Any CPU
		{292A7A42-1A55-45EF-9DAA-4A7368CB956F}.AppStore|iPhoneSimulator.Build.0 = Release|Any CPU
		{292A7A42-1A55-45EF-9DAA-4A7368CB956F}.AppStore|Mixed Platforms.ActiveCfg = Release|Any CPU
		{292A7A42-1A55-45EF-9DAA-4A7368CB956F}.AppStore|Mixed Platforms.Build.0 = Release|Any CPU
		{292A7A42-1A55-45EF-9DAA-4A7368CB956F}.AppStore|x64.ActiveCfg = Debug|Any CPU
		{292A7A42-1A55-45EF-9DAA-4A7368CB956F}.AppStore|x64.Build.0 = Debug|Any CPU
		{292A7A42-1A55-45EF-9DAA-4A7368CB956F}.AppStore|x86.ActiveCfg = Release|Any CPU
		{292A7A42-1A55-45EF-9DAA-4A7368CB956F}.AppStore|x86.Build.0 = Release|Any CPU
		{292A7A42-1A55-45EF-9DAA-4A7368CB956F}.Debug|Any CPU.ActiveCfg = Debug|Any CPU
		{292A7A42-1A55-45EF-9DAA-4A7368CB956F}.Debug|Any CPU.Build.0 = Debug|Any CPU
		{292A7A42-1A55-45EF-9DAA-4A7368CB956F}.Debug|ARM.ActiveCfg = Debug|Any CPU
		{292A7A42-1A55-45EF-9DAA-4A7368CB956F}.Debug|ARM.Build.0 = Debug|Any CPU
		{292A7A42-1A55-45EF-9DAA-4A7368CB956F}.Debug|iPhone.ActiveCfg = Debug|Any CPU
		{292A7A42-1A55-45EF-9DAA-4A7368CB956F}.Debug|iPhone.Build.0 = Debug|Any CPU
		{292A7A42-1A55-45EF-9DAA-4A7368CB956F}.Debug|iPhoneSimulator.ActiveCfg = Debug|Any CPU
		{292A7A42-1A55-45EF-9DAA-4A7368CB956F}.Debug|iPhoneSimulator.Build.0 = Debug|Any CPU
		{292A7A42-1A55-45EF-9DAA-4A7368CB956F}.Debug|Mixed Platforms.ActiveCfg = Debug|Any CPU
		{292A7A42-1A55-45EF-9DAA-4A7368CB956F}.Debug|Mixed Platforms.Build.0 = Debug|Any CPU
		{292A7A42-1A55-45EF-9DAA-4A7368CB956F}.Debug|x64.ActiveCfg = Debug|Any CPU
		{292A7A42-1A55-45EF-9DAA-4A7368CB956F}.Debug|x64.Build.0 = Debug|Any CPU
		{292A7A42-1A55-45EF-9DAA-4A7368CB956F}.Debug|x86.ActiveCfg = Debug|Any CPU
		{292A7A42-1A55-45EF-9DAA-4A7368CB956F}.Debug|x86.Build.0 = Debug|Any CPU
		{292A7A42-1A55-45EF-9DAA-4A7368CB956F}.Release|Any CPU.ActiveCfg = Release|Any CPU
		{292A7A42-1A55-45EF-9DAA-4A7368CB956F}.Release|Any CPU.Build.0 = Release|Any CPU
		{292A7A42-1A55-45EF-9DAA-4A7368CB956F}.Release|ARM.ActiveCfg = Release|Any CPU
		{292A7A42-1A55-45EF-9DAA-4A7368CB956F}.Release|ARM.Build.0 = Release|Any CPU
		{292A7A42-1A55-45EF-9DAA-4A7368CB956F}.Release|iPhone.ActiveCfg = Release|Any CPU
		{292A7A42-1A55-45EF-9DAA-4A7368CB956F}.Release|iPhone.Build.0 = Release|Any CPU
		{292A7A42-1A55-45EF-9DAA-4A7368CB956F}.Release|iPhoneSimulator.ActiveCfg = Release|Any CPU
		{292A7A42-1A55-45EF-9DAA-4A7368CB956F}.Release|iPhoneSimulator.Build.0 = Release|Any CPU
		{292A7A42-1A55-45EF-9DAA-4A7368CB956F}.Release|Mixed Platforms.ActiveCfg = Release|Any CPU
		{292A7A42-1A55-45EF-9DAA-4A7368CB956F}.Release|Mixed Platforms.Build.0 = Release|Any CPU
		{292A7A42-1A55-45EF-9DAA-4A7368CB956F}.Release|x64.ActiveCfg = Release|Any CPU
		{292A7A42-1A55-45EF-9DAA-4A7368CB956F}.Release|x64.Build.0 = Release|Any CPU
		{292A7A42-1A55-45EF-9DAA-4A7368CB956F}.Release|x86.ActiveCfg = Release|Any CPU
		{292A7A42-1A55-45EF-9DAA-4A7368CB956F}.Release|x86.Build.0 = Release|Any CPU
		{BC883D94-FBB7-46AD-ADFC-2571E4C6FC35}.Ad-Hoc|Any CPU.ActiveCfg = Release|Any CPU
		{BC883D94-FBB7-46AD-ADFC-2571E4C6FC35}.Ad-Hoc|Any CPU.Build.0 = Release|Any CPU
		{BC883D94-FBB7-46AD-ADFC-2571E4C6FC35}.Ad-Hoc|ARM.ActiveCfg = Release|Any CPU
		{BC883D94-FBB7-46AD-ADFC-2571E4C6FC35}.Ad-Hoc|ARM.Build.0 = Release|Any CPU
		{BC883D94-FBB7-46AD-ADFC-2571E4C6FC35}.Ad-Hoc|iPhone.ActiveCfg = Release|Any CPU
		{BC883D94-FBB7-46AD-ADFC-2571E4C6FC35}.Ad-Hoc|iPhone.Build.0 = Release|Any CPU
		{BC883D94-FBB7-46AD-ADFC-2571E4C6FC35}.Ad-Hoc|iPhoneSimulator.ActiveCfg = Debug|Any CPU
		{BC883D94-FBB7-46AD-ADFC-2571E4C6FC35}.Ad-Hoc|iPhoneSimulator.Build.0 = Debug|Any CPU
		{BC883D94-FBB7-46AD-ADFC-2571E4C6FC35}.Ad-Hoc|Mixed Platforms.ActiveCfg = Release|Any CPU
		{BC883D94-FBB7-46AD-ADFC-2571E4C6FC35}.Ad-Hoc|Mixed Platforms.Build.0 = Release|Any CPU
		{BC883D94-FBB7-46AD-ADFC-2571E4C6FC35}.Ad-Hoc|x64.ActiveCfg = Release|Any CPU
		{BC883D94-FBB7-46AD-ADFC-2571E4C6FC35}.Ad-Hoc|x64.Build.0 = Release|Any CPU
		{BC883D94-FBB7-46AD-ADFC-2571E4C6FC35}.Ad-Hoc|x86.ActiveCfg = Release|Any CPU
		{BC883D94-FBB7-46AD-ADFC-2571E4C6FC35}.Ad-Hoc|x86.Build.0 = Release|Any CPU
		{BC883D94-FBB7-46AD-ADFC-2571E4C6FC35}.AppStore|Any CPU.ActiveCfg = Release|Any CPU
		{BC883D94-FBB7-46AD-ADFC-2571E4C6FC35}.AppStore|Any CPU.Build.0 = Release|Any CPU
		{BC883D94-FBB7-46AD-ADFC-2571E4C6FC35}.AppStore|ARM.ActiveCfg = Release|Any CPU
		{BC883D94-FBB7-46AD-ADFC-2571E4C6FC35}.AppStore|ARM.Build.0 = Release|Any CPU
		{BC883D94-FBB7-46AD-ADFC-2571E4C6FC35}.AppStore|iPhone.ActiveCfg = Release|Any CPU
		{BC883D94-FBB7-46AD-ADFC-2571E4C6FC35}.AppStore|iPhone.Build.0 = Release|Any CPU
		{BC883D94-FBB7-46AD-ADFC-2571E4C6FC35}.AppStore|iPhoneSimulator.ActiveCfg = Debug|Any CPU
		{BC883D94-FBB7-46AD-ADFC-2571E4C6FC35}.AppStore|iPhoneSimulator.Build.0 = Debug|Any CPU
		{BC883D94-FBB7-46AD-ADFC-2571E4C6FC35}.AppStore|Mixed Platforms.ActiveCfg = Release|Any CPU
		{BC883D94-FBB7-46AD-ADFC-2571E4C6FC35}.AppStore|Mixed Platforms.Build.0 = Release|Any CPU
		{BC883D94-FBB7-46AD-ADFC-2571E4C6FC35}.AppStore|x64.ActiveCfg = Release|Any CPU
		{BC883D94-FBB7-46AD-ADFC-2571E4C6FC35}.AppStore|x64.Build.0 = Release|Any CPU
		{BC883D94-FBB7-46AD-ADFC-2571E4C6FC35}.AppStore|x86.ActiveCfg = Release|Any CPU
		{BC883D94-FBB7-46AD-ADFC-2571E4C6FC35}.AppStore|x86.Build.0 = Release|Any CPU
		{BC883D94-FBB7-46AD-ADFC-2571E4C6FC35}.Debug|Any CPU.ActiveCfg = Debug|Any CPU
		{BC883D94-FBB7-46AD-ADFC-2571E4C6FC35}.Debug|Any CPU.Build.0 = Debug|Any CPU
		{BC883D94-FBB7-46AD-ADFC-2571E4C6FC35}.Debug|ARM.ActiveCfg = Debug|Any CPU
		{BC883D94-FBB7-46AD-ADFC-2571E4C6FC35}.Debug|ARM.Build.0 = Debug|Any CPU
		{BC883D94-FBB7-46AD-ADFC-2571E4C6FC35}.Debug|iPhone.ActiveCfg = Debug|Any CPU
		{BC883D94-FBB7-46AD-ADFC-2571E4C6FC35}.Debug|iPhone.Build.0 = Debug|Any CPU
		{BC883D94-FBB7-46AD-ADFC-2571E4C6FC35}.Debug|iPhoneSimulator.ActiveCfg = Debug|Any CPU
		{BC883D94-FBB7-46AD-ADFC-2571E4C6FC35}.Debug|iPhoneSimulator.Build.0 = Debug|Any CPU
		{BC883D94-FBB7-46AD-ADFC-2571E4C6FC35}.Debug|Mixed Platforms.ActiveCfg = Debug|Any CPU
		{BC883D94-FBB7-46AD-ADFC-2571E4C6FC35}.Debug|Mixed Platforms.Build.0 = Debug|Any CPU
		{BC883D94-FBB7-46AD-ADFC-2571E4C6FC35}.Debug|x64.ActiveCfg = Debug|Any CPU
		{BC883D94-FBB7-46AD-ADFC-2571E4C6FC35}.Debug|x64.Build.0 = Debug|Any CPU
		{BC883D94-FBB7-46AD-ADFC-2571E4C6FC35}.Debug|x86.ActiveCfg = Debug|Any CPU
		{BC883D94-FBB7-46AD-ADFC-2571E4C6FC35}.Debug|x86.Build.0 = Debug|Any CPU
		{BC883D94-FBB7-46AD-ADFC-2571E4C6FC35}.Release|Any CPU.ActiveCfg = Release|Any CPU
		{BC883D94-FBB7-46AD-ADFC-2571E4C6FC35}.Release|Any CPU.Build.0 = Release|Any CPU
		{BC883D94-FBB7-46AD-ADFC-2571E4C6FC35}.Release|ARM.ActiveCfg = Release|Any CPU
		{BC883D94-FBB7-46AD-ADFC-2571E4C6FC35}.Release|ARM.Build.0 = Release|Any CPU
		{BC883D94-FBB7-46AD-ADFC-2571E4C6FC35}.Release|iPhone.ActiveCfg = Release|Any CPU
		{BC883D94-FBB7-46AD-ADFC-2571E4C6FC35}.Release|iPhone.Build.0 = Release|Any CPU
		{BC883D94-FBB7-46AD-ADFC-2571E4C6FC35}.Release|iPhoneSimulator.ActiveCfg = Release|Any CPU
		{BC883D94-FBB7-46AD-ADFC-2571E4C6FC35}.Release|iPhoneSimulator.Build.0 = Release|Any CPU
		{BC883D94-FBB7-46AD-ADFC-2571E4C6FC35}.Release|Mixed Platforms.ActiveCfg = Release|Any CPU
		{BC883D94-FBB7-46AD-ADFC-2571E4C6FC35}.Release|Mixed Platforms.Build.0 = Release|Any CPU
		{BC883D94-FBB7-46AD-ADFC-2571E4C6FC35}.Release|x64.ActiveCfg = Release|Any CPU
		{BC883D94-FBB7-46AD-ADFC-2571E4C6FC35}.Release|x64.Build.0 = Release|Any CPU
		{BC883D94-FBB7-46AD-ADFC-2571E4C6FC35}.Release|x86.ActiveCfg = Release|Any CPU
		{BC883D94-FBB7-46AD-ADFC-2571E4C6FC35}.Release|x86.Build.0 = Release|Any CPU
		{F2A015AC-B7E0-4452-99A5-B5106BF57E24}.Ad-Hoc|Any CPU.ActiveCfg = Release|Any CPU
		{F2A015AC-B7E0-4452-99A5-B5106BF57E24}.Ad-Hoc|Any CPU.Build.0 = Release|Any CPU
		{F2A015AC-B7E0-4452-99A5-B5106BF57E24}.Ad-Hoc|ARM.ActiveCfg = Release|Any CPU
		{F2A015AC-B7E0-4452-99A5-B5106BF57E24}.Ad-Hoc|ARM.Build.0 = Release|Any CPU
		{F2A015AC-B7E0-4452-99A5-B5106BF57E24}.Ad-Hoc|iPhone.ActiveCfg = Release|Any CPU
		{F2A015AC-B7E0-4452-99A5-B5106BF57E24}.Ad-Hoc|iPhone.Build.0 = Release|Any CPU
		{F2A015AC-B7E0-4452-99A5-B5106BF57E24}.Ad-Hoc|iPhoneSimulator.ActiveCfg = Debug|Any CPU
		{F2A015AC-B7E0-4452-99A5-B5106BF57E24}.Ad-Hoc|iPhoneSimulator.Build.0 = Debug|Any CPU
		{F2A015AC-B7E0-4452-99A5-B5106BF57E24}.Ad-Hoc|Mixed Platforms.ActiveCfg = Release|Any CPU
		{F2A015AC-B7E0-4452-99A5-B5106BF57E24}.Ad-Hoc|Mixed Platforms.Build.0 = Release|Any CPU
		{F2A015AC-B7E0-4452-99A5-B5106BF57E24}.Ad-Hoc|x64.ActiveCfg = Release|Any CPU
		{F2A015AC-B7E0-4452-99A5-B5106BF57E24}.Ad-Hoc|x64.Build.0 = Release|Any CPU
		{F2A015AC-B7E0-4452-99A5-B5106BF57E24}.Ad-Hoc|x86.ActiveCfg = Release|Any CPU
		{F2A015AC-B7E0-4452-99A5-B5106BF57E24}.Ad-Hoc|x86.Build.0 = Release|Any CPU
		{F2A015AC-B7E0-4452-99A5-B5106BF57E24}.AppStore|Any CPU.ActiveCfg = Release|Any CPU
		{F2A015AC-B7E0-4452-99A5-B5106BF57E24}.AppStore|Any CPU.Build.0 = Release|Any CPU
		{F2A015AC-B7E0-4452-99A5-B5106BF57E24}.AppStore|ARM.ActiveCfg = Release|Any CPU
		{F2A015AC-B7E0-4452-99A5-B5106BF57E24}.AppStore|ARM.Build.0 = Release|Any CPU
		{F2A015AC-B7E0-4452-99A5-B5106BF57E24}.AppStore|iPhone.ActiveCfg = Release|Any CPU
		{F2A015AC-B7E0-4452-99A5-B5106BF57E24}.AppStore|iPhone.Build.0 = Release|Any CPU
		{F2A015AC-B7E0-4452-99A5-B5106BF57E24}.AppStore|iPhoneSimulator.ActiveCfg = Debug|Any CPU
		{F2A015AC-B7E0-4452-99A5-B5106BF57E24}.AppStore|iPhoneSimulator.Build.0 = Debug|Any CPU
		{F2A015AC-B7E0-4452-99A5-B5106BF57E24}.AppStore|Mixed Platforms.ActiveCfg = Release|Any CPU
		{F2A015AC-B7E0-4452-99A5-B5106BF57E24}.AppStore|Mixed Platforms.Build.0 = Release|Any CPU
		{F2A015AC-B7E0-4452-99A5-B5106BF57E24}.AppStore|x64.ActiveCfg = Release|Any CPU
		{F2A015AC-B7E0-4452-99A5-B5106BF57E24}.AppStore|x64.Build.0 = Release|Any CPU
		{F2A015AC-B7E0-4452-99A5-B5106BF57E24}.AppStore|x86.ActiveCfg = Release|Any CPU
		{F2A015AC-B7E0-4452-99A5-B5106BF57E24}.AppStore|x86.Build.0 = Release|Any CPU
		{F2A015AC-B7E0-4452-99A5-B5106BF57E24}.Debug|Any CPU.ActiveCfg = Debug|Any CPU
		{F2A015AC-B7E0-4452-99A5-B5106BF57E24}.Debug|Any CPU.Build.0 = Debug|Any CPU
		{F2A015AC-B7E0-4452-99A5-B5106BF57E24}.Debug|ARM.ActiveCfg = Debug|Any CPU
		{F2A015AC-B7E0-4452-99A5-B5106BF57E24}.Debug|ARM.Build.0 = Debug|Any CPU
		{F2A015AC-B7E0-4452-99A5-B5106BF57E24}.Debug|iPhone.ActiveCfg = Debug|Any CPU
		{F2A015AC-B7E0-4452-99A5-B5106BF57E24}.Debug|iPhone.Build.0 = Debug|Any CPU
		{F2A015AC-B7E0-4452-99A5-B5106BF57E24}.Debug|iPhoneSimulator.ActiveCfg = Debug|Any CPU
		{F2A015AC-B7E0-4452-99A5-B5106BF57E24}.Debug|iPhoneSimulator.Build.0 = Debug|Any CPU
		{F2A015AC-B7E0-4452-99A5-B5106BF57E24}.Debug|Mixed Platforms.ActiveCfg = Debug|Any CPU
		{F2A015AC-B7E0-4452-99A5-B5106BF57E24}.Debug|Mixed Platforms.Build.0 = Debug|Any CPU
		{F2A015AC-B7E0-4452-99A5-B5106BF57E24}.Debug|x64.ActiveCfg = Debug|Any CPU
		{F2A015AC-B7E0-4452-99A5-B5106BF57E24}.Debug|x64.Build.0 = Debug|Any CPU
		{F2A015AC-B7E0-4452-99A5-B5106BF57E24}.Debug|x86.ActiveCfg = Debug|Any CPU
		{F2A015AC-B7E0-4452-99A5-B5106BF57E24}.Debug|x86.Build.0 = Debug|Any CPU
		{F2A015AC-B7E0-4452-99A5-B5106BF57E24}.Release|Any CPU.ActiveCfg = Release|Any CPU
		{F2A015AC-B7E0-4452-99A5-B5106BF57E24}.Release|Any CPU.Build.0 = Release|Any CPU
		{F2A015AC-B7E0-4452-99A5-B5106BF57E24}.Release|ARM.ActiveCfg = Release|Any CPU
		{F2A015AC-B7E0-4452-99A5-B5106BF57E24}.Release|ARM.Build.0 = Release|Any CPU
		{F2A015AC-B7E0-4452-99A5-B5106BF57E24}.Release|iPhone.ActiveCfg = Release|Any CPU
		{F2A015AC-B7E0-4452-99A5-B5106BF57E24}.Release|iPhone.Build.0 = Release|Any CPU
		{F2A015AC-B7E0-4452-99A5-B5106BF57E24}.Release|iPhoneSimulator.ActiveCfg = Release|Any CPU
		{F2A015AC-B7E0-4452-99A5-B5106BF57E24}.Release|iPhoneSimulator.Build.0 = Release|Any CPU
		{F2A015AC-B7E0-4452-99A5-B5106BF57E24}.Release|Mixed Platforms.ActiveCfg = Release|Any CPU
		{F2A015AC-B7E0-4452-99A5-B5106BF57E24}.Release|Mixed Platforms.Build.0 = Release|Any CPU
		{F2A015AC-B7E0-4452-99A5-B5106BF57E24}.Release|x64.ActiveCfg = Release|Any CPU
		{F2A015AC-B7E0-4452-99A5-B5106BF57E24}.Release|x64.Build.0 = Release|Any CPU
		{F2A015AC-B7E0-4452-99A5-B5106BF57E24}.Release|x86.ActiveCfg = Release|Any CPU
		{F2A015AC-B7E0-4452-99A5-B5106BF57E24}.Release|x86.Build.0 = Release|Any CPU
		{45F9FFD0-0424-4DD2-9991-DABFF0FF8ED9}.Ad-Hoc|Any CPU.ActiveCfg = Release|Any CPU
		{45F9FFD0-0424-4DD2-9991-DABFF0FF8ED9}.Ad-Hoc|Any CPU.Build.0 = Release|Any CPU
		{45F9FFD0-0424-4DD2-9991-DABFF0FF8ED9}.Ad-Hoc|ARM.ActiveCfg = Release|Any CPU
		{45F9FFD0-0424-4DD2-9991-DABFF0FF8ED9}.Ad-Hoc|ARM.Build.0 = Release|Any CPU
		{45F9FFD0-0424-4DD2-9991-DABFF0FF8ED9}.Ad-Hoc|iPhone.ActiveCfg = Release|Any CPU
		{45F9FFD0-0424-4DD2-9991-DABFF0FF8ED9}.Ad-Hoc|iPhone.Build.0 = Release|Any CPU
		{45F9FFD0-0424-4DD2-9991-DABFF0FF8ED9}.Ad-Hoc|iPhoneSimulator.ActiveCfg = Debug|Any CPU
		{45F9FFD0-0424-4DD2-9991-DABFF0FF8ED9}.Ad-Hoc|iPhoneSimulator.Build.0 = Debug|Any CPU
		{45F9FFD0-0424-4DD2-9991-DABFF0FF8ED9}.Ad-Hoc|Mixed Platforms.ActiveCfg = Release|Any CPU
		{45F9FFD0-0424-4DD2-9991-DABFF0FF8ED9}.Ad-Hoc|Mixed Platforms.Build.0 = Release|Any CPU
		{45F9FFD0-0424-4DD2-9991-DABFF0FF8ED9}.Ad-Hoc|x64.ActiveCfg = Release|Any CPU
		{45F9FFD0-0424-4DD2-9991-DABFF0FF8ED9}.Ad-Hoc|x64.Build.0 = Release|Any CPU
		{45F9FFD0-0424-4DD2-9991-DABFF0FF8ED9}.Ad-Hoc|x86.ActiveCfg = Release|Any CPU
		{45F9FFD0-0424-4DD2-9991-DABFF0FF8ED9}.Ad-Hoc|x86.Build.0 = Release|Any CPU
		{45F9FFD0-0424-4DD2-9991-DABFF0FF8ED9}.AppStore|Any CPU.ActiveCfg = Release|Any CPU
		{45F9FFD0-0424-4DD2-9991-DABFF0FF8ED9}.AppStore|Any CPU.Build.0 = Release|Any CPU
		{45F9FFD0-0424-4DD2-9991-DABFF0FF8ED9}.AppStore|ARM.ActiveCfg = Release|Any CPU
		{45F9FFD0-0424-4DD2-9991-DABFF0FF8ED9}.AppStore|ARM.Build.0 = Release|Any CPU
		{45F9FFD0-0424-4DD2-9991-DABFF0FF8ED9}.AppStore|iPhone.ActiveCfg = Release|Any CPU
		{45F9FFD0-0424-4DD2-9991-DABFF0FF8ED9}.AppStore|iPhone.Build.0 = Release|Any CPU
		{45F9FFD0-0424-4DD2-9991-DABFF0FF8ED9}.AppStore|iPhoneSimulator.ActiveCfg = Debug|Any CPU
		{45F9FFD0-0424-4DD2-9991-DABFF0FF8ED9}.AppStore|iPhoneSimulator.Build.0 = Debug|Any CPU
		{45F9FFD0-0424-4DD2-9991-DABFF0FF8ED9}.AppStore|Mixed Platforms.ActiveCfg = Release|Any CPU
		{45F9FFD0-0424-4DD2-9991-DABFF0FF8ED9}.AppStore|Mixed Platforms.Build.0 = Release|Any CPU
		{45F9FFD0-0424-4DD2-9991-DABFF0FF8ED9}.AppStore|x64.ActiveCfg = Release|Any CPU
		{45F9FFD0-0424-4DD2-9991-DABFF0FF8ED9}.AppStore|x64.Build.0 = Release|Any CPU
		{45F9FFD0-0424-4DD2-9991-DABFF0FF8ED9}.AppStore|x86.ActiveCfg = Release|Any CPU
		{45F9FFD0-0424-4DD2-9991-DABFF0FF8ED9}.AppStore|x86.Build.0 = Release|Any CPU
		{45F9FFD0-0424-4DD2-9991-DABFF0FF8ED9}.Debug|Any CPU.ActiveCfg = Debug|Any CPU
		{45F9FFD0-0424-4DD2-9991-DABFF0FF8ED9}.Debug|Any CPU.Build.0 = Debug|Any CPU
		{45F9FFD0-0424-4DD2-9991-DABFF0FF8ED9}.Debug|ARM.ActiveCfg = Debug|Any CPU
		{45F9FFD0-0424-4DD2-9991-DABFF0FF8ED9}.Debug|ARM.Build.0 = Debug|Any CPU
		{45F9FFD0-0424-4DD2-9991-DABFF0FF8ED9}.Debug|iPhone.ActiveCfg = Debug|Any CPU
		{45F9FFD0-0424-4DD2-9991-DABFF0FF8ED9}.Debug|iPhone.Build.0 = Debug|Any CPU
		{45F9FFD0-0424-4DD2-9991-DABFF0FF8ED9}.Debug|iPhoneSimulator.ActiveCfg = Debug|Any CPU
		{45F9FFD0-0424-4DD2-9991-DABFF0FF8ED9}.Debug|iPhoneSimulator.Build.0 = Debug|Any CPU
		{45F9FFD0-0424-4DD2-9991-DABFF0FF8ED9}.Debug|Mixed Platforms.ActiveCfg = Debug|Any CPU
		{45F9FFD0-0424-4DD2-9991-DABFF0FF8ED9}.Debug|Mixed Platforms.Build.0 = Debug|Any CPU
		{45F9FFD0-0424-4DD2-9991-DABFF0FF8ED9}.Debug|x64.ActiveCfg = Debug|Any CPU
		{45F9FFD0-0424-4DD2-9991-DABFF0FF8ED9}.Debug|x64.Build.0 = Debug|Any CPU
		{45F9FFD0-0424-4DD2-9991-DABFF0FF8ED9}.Debug|x86.ActiveCfg = Debug|Any CPU
		{45F9FFD0-0424-4DD2-9991-DABFF0FF8ED9}.Debug|x86.Build.0 = Debug|Any CPU
		{45F9FFD0-0424-4DD2-9991-DABFF0FF8ED9}.Release|Any CPU.ActiveCfg = Release|Any CPU
		{45F9FFD0-0424-4DD2-9991-DABFF0FF8ED9}.Release|Any CPU.Build.0 = Release|Any CPU
		{45F9FFD0-0424-4DD2-9991-DABFF0FF8ED9}.Release|ARM.ActiveCfg = Release|Any CPU
		{45F9FFD0-0424-4DD2-9991-DABFF0FF8ED9}.Release|ARM.Build.0 = Release|Any CPU
		{45F9FFD0-0424-4DD2-9991-DABFF0FF8ED9}.Release|iPhone.ActiveCfg = Release|Any CPU
		{45F9FFD0-0424-4DD2-9991-DABFF0FF8ED9}.Release|iPhone.Build.0 = Release|Any CPU
		{45F9FFD0-0424-4DD2-9991-DABFF0FF8ED9}.Release|iPhoneSimulator.ActiveCfg = Release|Any CPU
		{45F9FFD0-0424-4DD2-9991-DABFF0FF8ED9}.Release|iPhoneSimulator.Build.0 = Release|Any CPU
		{45F9FFD0-0424-4DD2-9991-DABFF0FF8ED9}.Release|Mixed Platforms.ActiveCfg = Release|Any CPU
		{45F9FFD0-0424-4DD2-9991-DABFF0FF8ED9}.Release|Mixed Platforms.Build.0 = Release|Any CPU
		{45F9FFD0-0424-4DD2-9991-DABFF0FF8ED9}.Release|x64.ActiveCfg = Release|Any CPU
		{45F9FFD0-0424-4DD2-9991-DABFF0FF8ED9}.Release|x64.Build.0 = Release|Any CPU
		{45F9FFD0-0424-4DD2-9991-DABFF0FF8ED9}.Release|x86.ActiveCfg = Release|Any CPU
		{45F9FFD0-0424-4DD2-9991-DABFF0FF8ED9}.Release|x86.Build.0 = Release|Any CPU
	EndGlobalSection
	GlobalSection(SolutionProperties) = preSolution
		HideSolutionNode = FALSE
	EndGlobalSection
	GlobalSection(NestedProjects) = preSolution
		{B63C5F8C-61C8-4E69-93D6-F49F816D3746} = {B0654A14-51FF-4DAC-A2CB-A6B9D269B9CA}
		{DF37BC48-3A9F-4D90-BA38-70F8C22BCA7B} = {B0654A14-51FF-4DAC-A2CB-A6B9D269B9CA}
		{ED79F831-0097-4AEE-B734-15578C0F6F40} = {0AB67A65-9645-4DF6-98A2-D5734D212E7C}
		{64F4DC0C-2BFE-4C22-B9D1-B04566C2314C} = {B0654A14-51FF-4DAC-A2CB-A6B9D269B9CA}
		{60D23CA9-4AF6-4179-A3F5-6AEBC907337E} = {B0654A14-51FF-4DAC-A2CB-A6B9D269B9CA}
		{3296D69F-F4B7-44A5-AEB9-7A179E65F8DD} = {2137DFE4-114E-45AE-BBCD-6A454D1BF82C}
		{191ABC81-B335-44D7-BE0D-3C5E9196FA8B} = {2137DFE4-114E-45AE-BBCD-6A454D1BF82C}
		{5A89745A-2AD2-4ABF-8851-535B2024A8FA} = {ED79F831-0097-4AEE-B734-15578C0F6F40}
		{ED6275E6-B519-41E9-89C9-110611CEDFFA} = {ED79F831-0097-4AEE-B734-15578C0F6F40}
		{292A7A42-1A55-45EF-9DAA-4A7368CB956F} = {ED79F831-0097-4AEE-B734-15578C0F6F40}
		{BC883D94-FBB7-46AD-ADFC-2571E4C6FC35} = {B0654A14-51FF-4DAC-A2CB-A6B9D269B9CA}
		{F2A015AC-B7E0-4452-99A5-B5106BF57E24} = {2137DFE4-114E-45AE-BBCD-6A454D1BF82C}
		{45F9FFD0-0424-4DD2-9991-DABFF0FF8ED9} = {ED79F831-0097-4AEE-B734-15578C0F6F40}
	EndGlobalSection
	GlobalSection(MonoDevelopProperties) = preSolution
		StartupItem = Examples\Xamarin.Forms\SimpleDemo.Android\SimpleDemo.Android.csproj
	EndGlobalSection
EndGlobal
